// !$*UTF8*$!
{
	archiveVersion = 1;
	classes = {
	};
	objectVersion = 48;
	objects = {

/* Begin PBXBuildFile section */
		CC46384E2071D22B00AF67F4 /* AppDelegate.swift in Sources */ = {isa = PBXBuildFile; fileRef = CC46384D2071D22B00AF67F4 /* AppDelegate.swift */; };
		CC4638502071D22B00AF67F4 /* ViewController.swift in Sources */ = {isa = PBXBuildFile; fileRef = CC46384F2071D22B00AF67F4 /* ViewController.swift */; };
		CC4638532071D22B00AF67F4 /* Main.storyboard in Resources */ = {isa = PBXBuildFile; fileRef = CC4638512071D22B00AF67F4 /* Main.storyboard */; };
		CC4638552071D22B00AF67F4 /* Assets.xcassets in Resources */ = {isa = PBXBuildFile; fileRef = CC4638542071D22B00AF67F4 /* Assets.xcassets */; };
		CC4638582071D22B00AF67F4 /* LaunchScreen.storyboard in Resources */ = {isa = PBXBuildFile; fileRef = CC4638562071D22B00AF67F4 /* LaunchScreen.storyboard */; };
		CC4638632071D22B00AF67F4 /* Downloading_Web_ContentTests.swift in Sources */ = {isa = PBXBuildFile; fileRef = CC4638622071D22B00AF67F4 /* Downloading_Web_ContentTests.swift */; };
		CC46386E2071D22B00AF67F4 /* Downloading_Web_ContentUITests.swift in Sources */ = {isa = PBXBuildFile; fileRef = CC46386D2071D22B00AF67F4 /* Downloading_Web_ContentUITests.swift */; };
/* End PBXBuildFile section */

/* Begin PBXContainerItemProxy section */
		CC46385F2071D22B00AF67F4 /* PBXContainerItemProxy */ = {
			isa = PBXContainerItemProxy;
			containerPortal = CC4638422071D22A00AF67F4 /* Project object */;
			proxyType = 1;
			remoteGlobalIDString = CC4638492071D22B00AF67F4;
			remoteInfo = "Downloading Web Content";
		};
		CC46386A2071D22B00AF67F4 /* PBXContainerItemProxy */ = {
			isa = PBXContainerItemProxy;
			containerPortal = CC4638422071D22A00AF67F4 /* Project object */;
			proxyType = 1;
			remoteGlobalIDString = CC4638492071D22B00AF67F4;
			remoteInfo = "Downloading Web Content";
		};
/* End PBXContainerItemProxy section */

/* Begin PBXFileReference section */
		CC46384A2071D22B00AF67F4 /* Downloading Web Content.app */ = {isa = PBXFileReference; explicitFileType = wrapper.application; includeInIndex = 0; path = "Downloading Web Content.app"; sourceTree = BUILT_PRODUCTS_DIR; };
		CC46384D2071D22B00AF67F4 /* AppDelegate.swift */ = {isa = PBXFileReference; lastKnownFileType = sourcecode.swift; path = AppDelegate.swift; sourceTree = "<group>"; };
		CC46384F2071D22B00AF67F4 /* ViewController.swift */ = {isa = PBXFileReference; lastKnownFileType = sourcecode.swift; path = ViewController.swift; sourceTree = "<group>"; };
		CC4638522071D22B00AF67F4 /* Base */ = {isa = PBXFileReference; lastKnownFileType = file.storyboard; name = Base; path = Base.lproj/Main.storyboard; sourceTree = "<group>"; };
		CC4638542071D22B00AF67F4 /* Assets.xcassets */ = {isa = PBXFileReference; lastKnownFileType = folder.assetcatalog; path = Assets.xcassets; sourceTree = "<group>"; };
		CC4638572071D22B00AF67F4 /* Base */ = {isa = PBXFileReference; lastKnownFileType = file.storyboard; name = Base; path = Base.lproj/LaunchScreen.storyboard; sourceTree = "<group>"; };
		CC4638592071D22B00AF67F4 /* Info.plist */ = {isa = PBXFileReference; lastKnownFileType = text.plist.xml; path = Info.plist; sourceTree = "<group>"; };
		CC46385E2071D22B00AF67F4 /* Downloading Web ContentTests.xctest */ = {isa = PBXFileReference; explicitFileType = wrapper.cfbundle; includeInIndex = 0; path = "Downloading Web ContentTests.xctest"; sourceTree = BUILT_PRODUCTS_DIR; };
		CC4638622071D22B00AF67F4 /* Downloading_Web_ContentTests.swift */ = {isa = PBXFileReference; lastKnownFileType = sourcecode.swift; path = Downloading_Web_ContentTests.swift; sourceTree = "<group>"; };
		CC4638642071D22B00AF67F4 /* Info.plist */ = {isa = PBXFileReference; lastKnownFileType = text.plist.xml; path = Info.plist; sourceTree = "<group>"; };
		CC4638692071D22B00AF67F4 /* Downloading Web ContentUITests.xctest */ = {isa = PBXFileReference; explicitFileType = wrapper.cfbundle; includeInIndex = 0; path = "Downloading Web ContentUITests.xctest"; sourceTree = BUILT_PRODUCTS_DIR; };
		CC46386D2071D22B00AF67F4 /* Downloading_Web_ContentUITests.swift */ = {isa = PBXFileReference; lastKnownFileType = sourcecode.swift; path = Downloading_Web_ContentUITests.swift; sourceTree = "<group>"; };
		CC46386F2071D22B00AF67F4 /* Info.plist */ = {isa = PBXFileReference; lastKnownFileType = text.plist.xml; path = Info.plist; sourceTree = "<group>"; };
/* End PBXFileReference section */

/* Begin PBXFrameworksBuildPhase section */
		CC4638472071D22B00AF67F4 /* Frameworks */ = {
			isa = PBXFrameworksBuildPhase;
			buildActionMask = 2147483647;
			files = (
			);
			runOnlyForDeploymentPostprocessing = 0;
		};
		CC46385B2071D22B00AF67F4 /* Frameworks */ = {
			isa = PBXFrameworksBuildPhase;
			buildActionMask = 2147483647;
			files = (
			);
			runOnlyForDeploymentPostprocessing = 0;
		};
		CC4638662071D22B00AF67F4 /* Frameworks */ = {
			isa = PBXFrameworksBuildPhase;
			buildActionMask = 2147483647;
			files = (
			);
			runOnlyForDeploymentPostprocessing = 0;
		};
/* End PBXFrameworksBuildPhase section */

/* Begin PBXGroup section */
		CC4638412071D22A00AF67F4 = {
			isa = PBXGroup;
			children = (
				CC46384C2071D22B00AF67F4 /* Downloading Web Content */,
				CC4638612071D22B00AF67F4 /* Downloading Web ContentTests */,
				CC46386C2071D22B00AF67F4 /* Downloading Web ContentUITests */,
				CC46384B2071D22B00AF67F4 /* Products */,
			);
			sourceTree = "<group>";
		};
		CC46384B2071D22B00AF67F4 /* Products */ = {
			isa = PBXGroup;
			children = (
				CC46384A2071D22B00AF67F4 /* Downloading Web Content.app */,
				CC46385E2071D22B00AF67F4 /* Downloading Web ContentTests.xctest */,
				CC4638692071D22B00AF67F4 /* Downloading Web ContentUITests.xctest */,
			);
			name = Products;
			sourceTree = "<group>";
		};
		CC46384C2071D22B00AF67F4 /* Downloading Web Content */ = {
			isa = PBXGroup;
			children = (
				CC46384D2071D22B00AF67F4 /* AppDelegate.swift */,
				CC46384F2071D22B00AF67F4 /* ViewController.swift */,
				CC4638512071D22B00AF67F4 /* Main.storyboard */,
				CC4638542071D22B00AF67F4 /* Assets.xcassets */,
				CC4638562071D22B00AF67F4 /* LaunchScreen.storyboard */,
				CC4638592071D22B00AF67F4 /* Info.plist */,
			);
			path = "Downloading Web Content";
			sourceTree = "<group>";
		};
		CC4638612071D22B00AF67F4 /* Downloading Web ContentTests */ = {
			isa = PBXGroup;
			children = (
				CC4638622071D22B00AF67F4 /* Downloading_Web_ContentTests.swift */,
				CC4638642071D22B00AF67F4 /* Info.plist */,
			);
			path = "Downloading Web ContentTests";
			sourceTree = "<group>";
		};
		CC46386C2071D22B00AF67F4 /* Downloading Web ContentUITests */ = {
			isa = PBXGroup;
			children = (
				CC46386D2071D22B00AF67F4 /* Downloading_Web_ContentUITests.swift */,
				CC46386F2071D22B00AF67F4 /* Info.plist */,
			);
			path = "Downloading Web ContentUITests";
			sourceTree = "<group>";
		};
/* End PBXGroup section */

/* Begin PBXNativeTarget section */
		CC4638492071D22B00AF67F4 /* Downloading Web Content */ = {
			isa = PBXNativeTarget;
			buildConfigurationList = CC4638722071D22B00AF67F4 /* Build configuration list for PBXNativeTarget "Downloading Web Content" */;
			buildPhases = (
				CC4638462071D22B00AF67F4 /* Sources */,
				CC4638472071D22B00AF67F4 /* Frameworks */,
				CC4638482071D22B00AF67F4 /* Resources */,
			);
			buildRules = (
			);
			dependencies = (
			);
			name = "Downloading Web Content";
			productName = "Downloading Web Content";
			productReference = CC46384A2071D22B00AF67F4 /* Downloading Web Content.app */;
			productType = "com.apple.product-type.application";
		};
		CC46385D2071D22B00AF67F4 /* Downloading Web ContentTests */ = {
			isa = PBXNativeTarget;
			buildConfigurationList = CC4638752071D22B00AF67F4 /* Build configuration list for PBXNativeTarget "Downloading Web ContentTests" */;
			buildPhases = (
				CC46385A2071D22B00AF67F4 /* Sources */,
				CC46385B2071D22B00AF67F4 /* Frameworks */,
				CC46385C2071D22B00AF67F4 /* Resources */,
			);
			buildRules = (
			);
			dependencies = (
				CC4638602071D22B00AF67F4 /* PBXTargetDependency */,
			);
			name = "Downloading Web ContentTests";
			productName = "Downloading Web ContentTests";
			productReference = CC46385E2071D22B00AF67F4 /* Downloading Web ContentTests.xctest */;
			productType = "com.apple.product-type.bundle.unit-test";
		};
		CC4638682071D22B00AF67F4 /* Downloading Web ContentUITests */ = {
			isa = PBXNativeTarget;
			buildConfigurationList = CC4638782071D22B00AF67F4 /* Build configuration list for PBXNativeTarget "Downloading Web ContentUITests" */;
			buildPhases = (
				CC4638652071D22B00AF67F4 /* Sources */,
				CC4638662071D22B00AF67F4 /* Frameworks */,
				CC4638672071D22B00AF67F4 /* Resources */,
			);
			buildRules = (
			);
			dependencies = (
				CC46386B2071D22B00AF67F4 /* PBXTargetDependency */,
			);
			name = "Downloading Web ContentUITests";
			productName = "Downloading Web ContentUITests";
			productReference = CC4638692071D22B00AF67F4 /* Downloading Web ContentUITests.xctest */;
			productType = "com.apple.product-type.bundle.ui-testing";
		};
/* End PBXNativeTarget section */

/* Begin PBXProject section */
		CC4638422071D22A00AF67F4 /* Project object */ = {
			isa = PBXProject;
			attributes = {
				LastSwiftUpdateCheck = 0920;
				LastUpgradeCheck = 0920;
				ORGANIZATIONNAME = "Sirfame Lin";
				TargetAttributes = {
					CC4638492071D22B00AF67F4 = {
						CreatedOnToolsVersion = 9.2;
						ProvisioningStyle = Automatic;
					};
					CC46385D2071D22B00AF67F4 = {
						CreatedOnToolsVersion = 9.2;
						ProvisioningStyle = Automatic;
						TestTargetID = CC4638492071D22B00AF67F4;
					};
					CC4638682071D22B00AF67F4 = {
						CreatedOnToolsVersion = 9.2;
						ProvisioningStyle = Automatic;
						TestTargetID = CC4638492071D22B00AF67F4;
					};
				};
			};
			buildConfigurationList = CC4638452071D22A00AF67F4 /* Build configuration list for PBXProject "Downloading Web Content" */;
			compatibilityVersion = "Xcode 8.0";
			developmentRegion = en;
			hasScannedForEncodings = 0;
			knownRegions = (
				en,
				Base,
			);
			mainGroup = CC4638412071D22A00AF67F4;
			productRefGroup = CC46384B2071D22B00AF67F4 /* Products */;
			projectDirPath = "";
			projectRoot = "";
			targets = (
				CC4638492071D22B00AF67F4 /* Downloading Web Content */,
				CC46385D2071D22B00AF67F4 /* Downloading Web ContentTests */,
				CC4638682071D22B00AF67F4 /* Downloading Web ContentUITests */,
			);
		};
/* End PBXProject section */

/* Begin PBXResourcesBuildPhase section */
		CC4638482071D22B00AF67F4 /* Resources */ = {
			isa = PBXResourcesBuildPhase;
			buildActionMask = 2147483647;
			files = (
				CC4638582071D22B00AF67F4 /* LaunchScreen.storyboard in Resources */,
				CC4638552071D22B00AF67F4 /* Assets.xcassets in Resources */,
				CC4638532071D22B00AF67F4 /* Main.storyboard in Resources */,
			);
			runOnlyForDeploymentPostprocessing = 0;
		};
		CC46385C2071D22B00AF67F4 /* Resources */ = {
			isa = PBXResourcesBuildPhase;
			buildActionMask = 2147483647;
			files = (
			);
			runOnlyForDeploymentPostprocessing = 0;
		};
		CC4638672071D22B00AF67F4 /* Resources */ = {
			isa = PBXResourcesBuildPhase;
			buildActionMask = 2147483647;
			files = (
			);
			runOnlyForDeploymentPostprocessing = 0;
		};
/* End PBXResourcesBuildPhase section */

/* Begin PBXSourcesBuildPhase section */
		CC4638462071D22B00AF67F4 /* Sources */ = {
			isa = PBXSourcesBuildPhase;
			buildActionMask = 2147483647;
			files = (
				CC4638502071D22B00AF67F4 /* ViewController.swift in Sources */,
				CC46384E2071D22B00AF67F4 /* AppDelegate.swift in Sources */,
			);
			runOnlyForDeploymentPostprocessing = 0;
		};
		CC46385A2071D22B00AF67F4 /* Sources */ = {
			isa = PBXSourcesBuildPhase;
			buildActionMask = 2147483647;
			files = (
				CC4638632071D22B00AF67F4 /* Downloading_Web_ContentTests.swift in Sources */,
			);
			runOnlyForDeploymentPostprocessing = 0;
		};
		CC4638652071D22B00AF67F4 /* Sources */ = {
			isa = PBXSourcesBuildPhase;
			buildActionMask = 2147483647;
			files = (
				CC46386E2071D22B00AF67F4 /* Downloading_Web_ContentUITests.swift in Sources */,
			);
			runOnlyForDeploymentPostprocessing = 0;
		};
/* End PBXSourcesBuildPhase section */

/* Begin PBXTargetDependency section */
		CC4638602071D22B00AF67F4 /* PBXTargetDependency */ = {
			isa = PBXTargetDependency;
			target = CC4638492071D22B00AF67F4 /* Downloading Web Content */;
			targetProxy = CC46385F2071D22B00AF67F4 /* PBXContainerItemProxy */;
		};
		CC46386B2071D22B00AF67F4 /* PBXTargetDependency */ = {
			isa = PBXTargetDependency;
			target = CC4638492071D22B00AF67F4 /* Downloading Web Content */;
			targetProxy = CC46386A2071D22B00AF67F4 /* PBXContainerItemProxy */;
		};
/* End PBXTargetDependency section */

/* Begin PBXVariantGroup section */
		CC4638512071D22B00AF67F4 /* Main.storyboard */ = {
			isa = PBXVariantGroup;
			children = (
				CC4638522071D22B00AF67F4 /* Base */,
			);
			name = Main.storyboard;
			sourceTree = "<group>";
		};
		CC4638562071D22B00AF67F4 /* LaunchScreen.storyboard */ = {
			isa = PBXVariantGroup;
			children = (
				CC4638572071D22B00AF67F4 /* Base */,
			);
			name = LaunchScreen.storyboard;
			sourceTree = "<group>";
		};
/* End PBXVariantGroup section */

/* Begin XCBuildConfiguration section */
		CC4638702071D22B00AF67F4 /* Debug */ = {
			isa = XCBuildConfiguration;
			buildSettings = {
				ALWAYS_SEARCH_USER_PATHS = NO;
				CLANG_ANALYZER_NONNULL = YES;
				CLANG_ANALYZER_NUMBER_OBJECT_CONVERSION = YES_AGGRESSIVE;
				CLANG_CXX_LANGUAGE_STANDARD = "gnu++14";
				CLANG_CXX_LIBRARY = "libc++";
				CLANG_ENABLE_MODULES = YES;
				CLANG_ENABLE_OBJC_ARC = YES;
				CLANG_WARN_BLOCK_CAPTURE_AUTORELEASING = YES;
				CLANG_WARN_BOOL_CONVERSION = YES;
				CLANG_WARN_COMMA = YES;
				CLANG_WARN_CONSTANT_CONVERSION = YES;
				CLANG_WARN_DIRECT_OBJC_ISA_USAGE = YES_ERROR;
				CLANG_WARN_DOCUMENTATION_COMMENTS = YES;
				CLANG_WARN_EMPTY_BODY = YES;
				CLANG_WARN_ENUM_CONVERSION = YES;
				CLANG_WARN_INFINITE_RECURSION = YES;
				CLANG_WARN_INT_CONVERSION = YES;
				CLANG_WARN_NON_LITERAL_NULL_CONVERSION = YES;
				CLANG_WARN_OBJC_LITERAL_CONVERSION = YES;
				CLANG_WARN_OBJC_ROOT_CLASS = YES_ERROR;
				CLANG_WARN_RANGE_LOOP_ANALYSIS = YES;
				CLANG_WARN_STRICT_PROTOTYPES = YES;
				CLANG_WARN_SUSPICIOUS_MOVE = YES;
				CLANG_WARN_UNGUARDED_AVAILABILITY = YES_AGGRESSIVE;
				CLANG_WARN_UNREACHABLE_CODE = YES;
				CLANG_WARN__DUPLICATE_METHOD_MATCH = YES;
				CODE_SIGN_IDENTITY = "iPhone Developer";
				COPY_PHASE_STRIP = NO;
				DEBUG_INFORMATION_FORMAT = dwarf;
				ENABLE_STRICT_OBJC_MSGSEND = YES;
				ENABLE_TESTABILITY = YES;
				GCC_C_LANGUAGE_STANDARD = gnu11;
				GCC_DYNAMIC_NO_PIC = NO;
				GCC_NO_COMMON_BLOCKS = YES;
				GCC_OPTIMIZATION_LEVEL = 0;
				GCC_PREPROCESSOR_DEFINITIONS = (
					"DEBUG=1",
					"$(inherited)",
				);
				GCC_WARN_64_TO_32_BIT_CONVERSION = YES;
				GCC_WARN_ABOUT_RETURN_TYPE = YES_ERROR;
				GCC_WARN_UNDECLARED_SELECTOR = YES;
				GCC_WARN_UNINITIALIZED_AUTOS = YES_AGGRESSIVE;
				GCC_WARN_UNUSED_FUNCTION = YES;
				GCC_WARN_UNUSED_VARIABLE = YES;
				IPHONEOS_DEPLOYMENT_TARGET = 11.2;
				MTL_ENABLE_DEBUG_INFO = YES;
				ONLY_ACTIVE_ARCH = YES;
				SDKROOT = iphoneos;
				SWIFT_ACTIVE_COMPILATION_CONDITIONS = DEBUG;
				SWIFT_OPTIMIZATION_LEVEL = "-Onone";
			};
			name = Debug;
		};
		CC4638712071D22B00AF67F4 /* Release */ = {
			isa = XCBuildConfiguration;
			buildSettings = {
				ALWAYS_SEARCH_USER_PATHS = NO;
				CLANG_ANALYZER_NONNULL = YES;
				CLANG_ANALYZER_NUMBER_OBJECT_CONVERSION = YES_AGGRESSIVE;
				CLANG_CXX_LANGUAGE_STANDARD = "gnu++14";
				CLANG_CXX_LIBRARY = "libc++";
				CLANG_ENABLE_MODULES = YES;
				CLANG_ENABLE_OBJC_ARC = YES;
				CLANG_WARN_BLOCK_CAPTURE_AUTORELEASING = YES;
				CLANG_WARN_BOOL_CONVERSION = YES;
				CLANG_WARN_COMMA = YES;
				CLANG_WARN_CONSTANT_CONVERSION = YES;
				CLANG_WARN_DIRECT_OBJC_ISA_USAGE = YES_ERROR;
				CLANG_WARN_DOCUMENTATION_COMMENTS = YES;
				CLANG_WARN_EMPTY_BODY = YES;
				CLANG_WARN_ENUM_CONVERSION = YES;
				CLANG_WARN_INFINITE_RECURSION = YES;
				CLANG_WARN_INT_CONVERSION = YES;
				CLANG_WARN_NON_LITERAL_NULL_CONVERSION = YES;
				CLANG_WARN_OBJC_LITERAL_CONVERSION = YES;
				CLANG_WARN_OBJC_ROOT_CLASS = YES_ERROR;
				CLANG_WARN_RANGE_LOOP_ANALYSIS = YES;
				CLANG_WARN_STRICT_PROTOTYPES = YES;
				CLANG_WARN_SUSPICIOUS_MOVE = YES;
				CLANG_WARN_UNGUARDED_AVAILABILITY = YES_AGGRESSIVE;
				CLANG_WARN_UNREACHABLE_CODE = YES;
				CLANG_WARN__DUPLICATE_METHOD_MATCH = YES;
				CODE_SIGN_IDENTITY = "iPhone Developer";
				COPY_PHASE_STRIP = NO;
				DEBUG_INFORMATION_FORMAT = "dwarf-with-dsym";
				ENABLE_NS_ASSERTIONS = NO;
				ENABLE_STRICT_OBJC_MSGSEND = YES;
				GCC_C_LANGUAGE_STANDARD = gnu11;
				GCC_NO_COMMON_BLOCKS = YES;
				GCC_WARN_64_TO_32_BIT_CONVERSION = YES;
				GCC_WARN_ABOUT_RETURN_TYPE = YES_ERROR;
				GCC_WARN_UNDECLARED_SELECTOR = YES;
				GCC_WARN_UNINITIALIZED_AUTOS = YES_AGGRESSIVE;
				GCC_WARN_UNUSED_FUNCTION = YES;
				GCC_WARN_UNUSED_VARIABLE = YES;
				IPHONEOS_DEPLOYMENT_TARGET = 11.2;
				MTL_ENABLE_DEBUG_INFO = NO;
				SDKROOT = iphoneos;
				SWIFT_OPTIMIZATION_LEVEL = "-Owholemodule";
				VALIDATE_PRODUCT = YES;
			};
			name = Release;
		};
		CC4638732071D22B00AF67F4 /* Debug */ = {
			isa = XCBuildConfiguration;
			buildSettings = {
				ASSETCATALOG_COMPILER_APPICON_NAME = AppIcon;
				CODE_SIGN_STYLE = Automatic;
				DEVELOPMENT_TEAM = 3R62Y6D2FA;
				INFOPLIST_FILE = "Downloading Web Content/Info.plist";
				LD_RUNPATH_SEARCH_PATHS = "$(inherited) @executable_path/Frameworks";
				PRODUCT_BUNDLE_IDENTIFIER = "com.sirfame.Downloading-Web-Content";
				PRODUCT_NAME = "$(TARGET_NAME)";
				SWIFT_VERSION = 4.0;
				TARGETED_DEVICE_FAMILY = "1,2";
			};
			name = Debug;
		};
		CC4638742071D22B00AF67F4 /* Release */ = {
			isa = XCBuildConfiguration;
			buildSettings = {
				ASSETCATALOG_COMPILER_APPICON_NAME = AppIcon;
				CODE_SIGN_STYLE = Automatic;
				DEVELOPMENT_TEAM = 3R62Y6D2FA;
				INFOPLIST_FILE = "Downloading Web Content/Info.plist";
				LD_RUNPATH_SEARCH_PATHS = "$(inherited) @executable_path/Frameworks";
				PRODUCT_BUNDLE_IDENTIFIER = "com.sirfame.Downloading-Web-Content";
				PRODUCT_NAME = "$(TARGET_NAME)";
				SWIFT_VERSION = 4.0;
				TARGETED_DEVICE_FAMILY = "1,2";
			};
			name = Release;
		};
		CC4638762071D22B00AF67F4 /* Debug */ = {
			isa = XCBuildConfiguration;
			buildSettings = {
				ALWAYS_EMBED_SWIFT_STANDARD_LIBRARIES = YES;
				BUNDLE_LOADER = "$(TEST_HOST)";
				CODE_SIGN_STYLE = Automatic;
				DEVELOPMENT_TEAM = 3R62Y6D2FA;
				INFOPLIST_FILE = "Downloading Web ContentTests/Info.plist";
				LD_RUNPATH_SEARCH_PATHS = "$(inherited) @executable_path/Frameworks @loader_path/Frameworks";
				PRODUCT_BUNDLE_IDENTIFIER = "com.sirfame.Downloading-Web-ContentTests";
				PRODUCT_NAME = "$(TARGET_NAME)";
				SWIFT_VERSION = 4.0;
				TARGETED_DEVICE_FAMILY = "1,2";
				TEST_HOST = "$(BUILT_PRODUCTS_DIR)/Downloading Web Content.app/Downloading Web Content";
			};
			name = Debug;
		};
		CC4638772071D22B00AF67F4 /* Release */ = {
			isa = XCBuildConfiguration;
			buildSettings = {
				ALWAYS_EMBED_SWIFT_STANDARD_LIBRARIES = YES;
				BUNDLE_LOADER = "$(TEST_HOST)";
				CODE_SIGN_STYLE = Automatic;
				DEVELOPMENT_TEAM = 3R62Y6D2FA;
				INFOPLIST_FILE = "Downloading Web ContentTests/Info.plist";
				LD_RUNPATH_SEARCH_PATHS = "$(inherited) @executable_path/Frameworks @loader_path/Frameworks";
				PRODUCT_BUNDLE_IDENTIFIER = "com.sirfame.Downloading-Web-ContentTests";
				PRODUCT_NAME = "$(TARGET_NAME)";
				SWIFT_VERSION = 4.0;
				TARGETED_DEVICE_FAMILY = "1,2";
				TEST_HOST = "$(BUILT_PRODUCTS_DIR)/Downloading Web Content.app/Downloading Web Content";
			};
			name = Release;
		};
		CC4638792071D22B00AF67F4 /* Debug */ = {
			isa = XCBuildConfiguration;
			buildSettings = {
				ALWAYS_EMBED_SWIFT_STANDARD_LIBRARIES = YES;
				CODE_SIGN_STYLE = Automatic;
				DEVELOPMENT_TEAM = 3R62Y6D2FA;
				INFOPLIST_FILE = "Downloading Web ContentUITests/Info.plist";
				LD_RUNPATH_SEARCH_PATHS = "$(inherited) @executable_path/Frameworks @loader_path/Frameworks";
				PRODUCT_BUNDLE_IDENTIFIER = "com.sirfame.Downloading-Web-ContentUITests";
				PRODUCT_NAME = "$(TARGET_NAME)";
				SWIFT_VERSION = 4.0;
				TARGETED_DEVICE_FAMILY = "1,2";
				TEST_TARGET_NAME = "Downloading Web Content";
			};
			name = Debug;
		};
		CC46387A2071D22B00AF67F4 /* Release */ = {
			isa = XCBuildConfiguration;
			buildSettings = {
				ALWAYS_EMBED_SWIFT_STANDARD_LIBRARIES = YES;
				CODE_SIGN_STYLE = Automatic;
				DEVELOPMENT_TEAM = 3R62Y6D2FA;
				INFOPLIST_FILE = "Downloading Web ContentUITests/Info.plist";
				LD_RUNPATH_SEARCH_PATHS = "$(inherited) @executable_path/Frameworks @loader_path/Frameworks";
				PRODUCT_BUNDLE_IDENTIFIER = "com.sirfame.Downloading-Web-ContentUITests";
				PRODUCT_NAME = "$(TARGET_NAME)";
				SWIFT_VERSION = 4.0;
				TARGETED_DEVICE_FAMILY = "1,2";
				TEST_TARGET_NAME = "Downloading Web Content";
			};
			name = Release;
		};
/* End XCBuildConfiguration section */

/* Begin XCConfigurationList section */
		CC4638452071D22A00AF67F4 /* Build configuration list for PBXProject "Downloading Web Content" */ = {
			isa = XCConfigurationList;
			buildConfigurations = (
				CC4638702071D22B00AF67F4 /* Debug */,
				CC4638712071D22B00AF67F4 /* Release */,
			);
			defaultConfigurationIsVisible = 0;
			defaultConfigurationName = Release;
		};
		CC4638722071D22B00AF67F4 /* Build configuration list for PBXNativeTarget "Downloading Web Content" */ = {
			isa = XCConfigurationList;
			buildConfigurations = (
				CC4638732071D22B00AF67F4 /* Debug */,
				CC4638742071D22B00AF67F4 /* Release */,
			);
			defaultConfigurationIsVisible = 0;
			defaultConfigurationName = Release;
		};
		CC4638752071D22B00AF67F4 /* Build configuration list for PBXNativeTarget "Downloading Web ContentTests" */ = {
			isa = XCConfigurationList;
			buildConfigurations = (
				CC4638762071D22B00AF67F4 /* Debug */,
				CC4638772071D22B00AF67F4 /* Release */,
			);
			defaultConfigurationIsVisible = 0;
			defaultConfigurationName = Release;
		};
		CC4638782071D22B00AF67F4 /* Build configuration list for PBXNativeTarget "Downloading Web ContentUITests" */ = {
			isa = XCConfigurationList;
			buildConfigurations = (
				CC4638792071D22B00AF67F4 /* Debug */,
				CC46387A2071D22B00AF67F4 /* Release */,
			);
			defaultConfigurationIsVisible = 0;
			defaultConfigurationName = Release;
		};
/* End XCConfigurationList section */
	};
	rootObject = CC4638422071D22A00AF67F4 /* Project object */;
}
