// !$*UTF8*$!
{
	archiveVersion = 1;
	classes = {
	};
	objectVersion = 50;
	objects = {

/* Begin PBXBuildFile section */
		CCFE1CED20E1ECD600291044 /* AppDelegate.swift in Sources */ = {isa = PBXBuildFile; fileRef = CCFE1CEC20E1ECD600291044 /* AppDelegate.swift */; };
		CCFE1CEF20E1ECD600291044 /* ViewController.swift in Sources */ = {isa = PBXBuildFile; fileRef = CCFE1CEE20E1ECD600291044 /* ViewController.swift */; };
		CCFE1CF220E1ECD600291044 /* Main.storyboard in Resources */ = {isa = PBXBuildFile; fileRef = CCFE1CF020E1ECD600291044 /* Main.storyboard */; };
		CCFE1CF420E1ECD700291044 /* Assets.xcassets in Resources */ = {isa = PBXBuildFile; fileRef = CCFE1CF320E1ECD700291044 /* Assets.xcassets */; };
		CCFE1CF720E1ECD700291044 /* LaunchScreen.storyboard in Resources */ = {isa = PBXBuildFile; fileRef = CCFE1CF520E1ECD700291044 /* LaunchScreen.storyboard */; };
		CCFE1D0220E1ECD700291044 /* MapsTests.swift in Sources */ = {isa = PBXBuildFile; fileRef = CCFE1D0120E1ECD700291044 /* MapsTests.swift */; };
		CCFE1D0D20E1ECD700291044 /* MapsUITests.swift in Sources */ = {isa = PBXBuildFile; fileRef = CCFE1D0C20E1ECD700291044 /* MapsUITests.swift */; };
/* End PBXBuildFile section */

/* Begin PBXContainerItemProxy section */
		CCFE1CFE20E1ECD700291044 /* PBXContainerItemProxy */ = {
			isa = PBXContainerItemProxy;
			containerPortal = CCFE1CE120E1ECD500291044 /* Project object */;
			proxyType = 1;
			remoteGlobalIDString = CCFE1CE820E1ECD500291044;
			remoteInfo = Maps;
		};
		CCFE1D0920E1ECD700291044 /* PBXContainerItemProxy */ = {
			isa = PBXContainerItemProxy;
			containerPortal = CCFE1CE120E1ECD500291044 /* Project object */;
			proxyType = 1;
			remoteGlobalIDString = CCFE1CE820E1ECD500291044;
			remoteInfo = Maps;
		};
/* End PBXContainerItemProxy section */

/* Begin PBXFileReference section */
		CCFE1CE920E1ECD500291044 /* Maps.app */ = {isa = PBXFileReference; explicitFileType = wrapper.application; includeInIndex = 0; path = Maps.app; sourceTree = BUILT_PRODUCTS_DIR; };
		CCFE1CEC20E1ECD600291044 /* AppDelegate.swift */ = {isa = PBXFileReference; lastKnownFileType = sourcecode.swift; path = AppDelegate.swift; sourceTree = "<group>"; };
		CCFE1CEE20E1ECD600291044 /* ViewController.swift */ = {isa = PBXFileReference; lastKnownFileType = sourcecode.swift; path = ViewController.swift; sourceTree = "<group>"; };
		CCFE1CF120E1ECD600291044 /* Base */ = {isa = PBXFileReference; lastKnownFileType = file.storyboard; name = Base; path = Base.lproj/Main.storyboard; sourceTree = "<group>"; };
		CCFE1CF320E1ECD700291044 /* Assets.xcassets */ = {isa = PBXFileReference; lastKnownFileType = folder.assetcatalog; path = Assets.xcassets; sourceTree = "<group>"; };
		CCFE1CF620E1ECD700291044 /* Base */ = {isa = PBXFileReference; lastKnownFileType = file.storyboard; name = Base; path = Base.lproj/LaunchScreen.storyboard; sourceTree = "<group>"; };
		CCFE1CF820E1ECD700291044 /* Info.plist */ = {isa = PBXFileReference; lastKnownFileType = text.plist.xml; path = Info.plist; sourceTree = "<group>"; };
		CCFE1CFD20E1ECD700291044 /* MapsTests.xctest */ = {isa = PBXFileReference; explicitFileType = wrapper.cfbundle; includeInIndex = 0; path = MapsTests.xctest; sourceTree = BUILT_PRODUCTS_DIR; };
		CCFE1D0120E1ECD700291044 /* MapsTests.swift */ = {isa = PBXFileReference; lastKnownFileType = sourcecode.swift; path = MapsTests.swift; sourceTree = "<group>"; };
		CCFE1D0320E1ECD700291044 /* Info.plist */ = {isa = PBXFileReference; lastKnownFileType = text.plist.xml; path = Info.plist; sourceTree = "<group>"; };
		CCFE1D0820E1ECD700291044 /* MapsUITests.xctest */ = {isa = PBXFileReference; explicitFileType = wrapper.cfbundle; includeInIndex = 0; path = MapsUITests.xctest; sourceTree = BUILT_PRODUCTS_DIR; };
		CCFE1D0C20E1ECD700291044 /* MapsUITests.swift */ = {isa = PBXFileReference; lastKnownFileType = sourcecode.swift; path = MapsUITests.swift; sourceTree = "<group>"; };
		CCFE1D0E20E1ECD700291044 /* Info.plist */ = {isa = PBXFileReference; lastKnownFileType = text.plist.xml; path = Info.plist; sourceTree = "<group>"; };
/* End PBXFileReference section */

/* Begin PBXFrameworksBuildPhase section */
		CCFE1CE620E1ECD500291044 /* Frameworks */ = {
			isa = PBXFrameworksBuildPhase;
			buildActionMask = 2147483647;
			files = (
			);
			runOnlyForDeploymentPostprocessing = 0;
		};
		CCFE1CFA20E1ECD700291044 /* Frameworks */ = {
			isa = PBXFrameworksBuildPhase;
			buildActionMask = 2147483647;
			files = (
			);
			runOnlyForDeploymentPostprocessing = 0;
		};
		CCFE1D0520E1ECD700291044 /* Frameworks */ = {
			isa = PBXFrameworksBuildPhase;
			buildActionMask = 2147483647;
			files = (
			);
			runOnlyForDeploymentPostprocessing = 0;
		};
/* End PBXFrameworksBuildPhase section */

/* Begin PBXGroup section */
		CCFE1CE020E1ECD500291044 = {
			isa = PBXGroup;
			children = (
				CCFE1CEB20E1ECD500291044 /* Maps */,
				CCFE1D0020E1ECD700291044 /* MapsTests */,
				CCFE1D0B20E1ECD700291044 /* MapsUITests */,
				CCFE1CEA20E1ECD500291044 /* Products */,
			);
			sourceTree = "<group>";
		};
		CCFE1CEA20E1ECD500291044 /* Products */ = {
			isa = PBXGroup;
			children = (
				CCFE1CE920E1ECD500291044 /* Maps.app */,
				CCFE1CFD20E1ECD700291044 /* MapsTests.xctest */,
				CCFE1D0820E1ECD700291044 /* MapsUITests.xctest */,
			);
			name = Products;
			sourceTree = "<group>";
		};
		CCFE1CEB20E1ECD500291044 /* Maps */ = {
			isa = PBXGroup;
			children = (
				CCFE1CEC20E1ECD600291044 /* AppDelegate.swift */,
				CCFE1CEE20E1ECD600291044 /* ViewController.swift */,
				CCFE1CF020E1ECD600291044 /* Main.storyboard */,
				CCFE1CF320E1ECD700291044 /* Assets.xcassets */,
				CCFE1CF520E1ECD700291044 /* LaunchScreen.storyboard */,
				CCFE1CF820E1ECD700291044 /* Info.plist */,
			);
			path = Maps;
			sourceTree = "<group>";
		};
		CCFE1D0020E1ECD700291044 /* MapsTests */ = {
			isa = PBXGroup;
			children = (
				CCFE1D0120E1ECD700291044 /* MapsTests.swift */,
				CCFE1D0320E1ECD700291044 /* Info.plist */,
			);
			path = MapsTests;
			sourceTree = "<group>";
		};
		CCFE1D0B20E1ECD700291044 /* MapsUITests */ = {
			isa = PBXGroup;
			children = (
				CCFE1D0C20E1ECD700291044 /* MapsUITests.swift */,
				CCFE1D0E20E1ECD700291044 /* Info.plist */,
			);
			path = MapsUITests;
			sourceTree = "<group>";
		};
/* End PBXGroup section */

/* Begin PBXNativeTarget section */
		CCFE1CE820E1ECD500291044 /* Maps */ = {
			isa = PBXNativeTarget;
			buildConfigurationList = CCFE1D1120E1ECD700291044 /* Build configuration list for PBXNativeTarget "Maps" */;
			buildPhases = (
				CCFE1CE520E1ECD500291044 /* Sources */,
				CCFE1CE620E1ECD500291044 /* Frameworks */,
				CCFE1CE720E1ECD500291044 /* Resources */,
			);
			buildRules = (
			);
			dependencies = (
			);
			name = Maps;
			productName = Maps;
			productReference = CCFE1CE920E1ECD500291044 /* Maps.app */;
			productType = "com.apple.product-type.application";
		};
		CCFE1CFC20E1ECD700291044 /* MapsTests */ = {
			isa = PBXNativeTarget;
			buildConfigurationList = CCFE1D1420E1ECD700291044 /* Build configuration list for PBXNativeTarget "MapsTests" */;
			buildPhases = (
				CCFE1CF920E1ECD700291044 /* Sources */,
				CCFE1CFA20E1ECD700291044 /* Frameworks */,
				CCFE1CFB20E1ECD700291044 /* Resources */,
			);
			buildRules = (
			);
			dependencies = (
				CCFE1CFF20E1ECD700291044 /* PBXTargetDependency */,
			);
			name = MapsTests;
			productName = MapsTests;
			productReference = CCFE1CFD20E1ECD700291044 /* MapsTests.xctest */;
			productType = "com.apple.product-type.bundle.unit-test";
		};
		CCFE1D0720E1ECD700291044 /* MapsUITests */ = {
			isa = PBXNativeTarget;
			buildConfigurationList = CCFE1D1720E1ECD700291044 /* Build configuration list for PBXNativeTarget "MapsUITests" */;
			buildPhases = (
				CCFE1D0420E1ECD700291044 /* Sources */,
				CCFE1D0520E1ECD700291044 /* Frameworks */,
				CCFE1D0620E1ECD700291044 /* Resources */,
			);
			buildRules = (
			);
			dependencies = (
				CCFE1D0A20E1ECD700291044 /* PBXTargetDependency */,
			);
			name = MapsUITests;
			productName = MapsUITests;
			productReference = CCFE1D0820E1ECD700291044 /* MapsUITests.xctest */;
			productType = "com.apple.product-type.bundle.ui-testing";
		};
/* End PBXNativeTarget section */

/* Begin PBXProject section */
		CCFE1CE120E1ECD500291044 /* Project object */ = {
			isa = PBXProject;
			attributes = {
				LastSwiftUpdateCheck = 0940;
				LastUpgradeCheck = 0940;
				ORGANIZATIONNAME = "Sirfame Lin";
				TargetAttributes = {
					CCFE1CE820E1ECD500291044 = {
						CreatedOnToolsVersion = 9.4;
					};
					CCFE1CFC20E1ECD700291044 = {
						CreatedOnToolsVersion = 9.4;
						TestTargetID = CCFE1CE820E1ECD500291044;
					};
					CCFE1D0720E1ECD700291044 = {
						CreatedOnToolsVersion = 9.4;
						TestTargetID = CCFE1CE820E1ECD500291044;
					};
				};
			};
			buildConfigurationList = CCFE1CE420E1ECD500291044 /* Build configuration list for PBXProject "Maps" */;
			compatibilityVersion = "Xcode 9.3";
			developmentRegion = en;
			hasScannedForEncodings = 0;
			knownRegions = (
				en,
				Base,
			);
			mainGroup = CCFE1CE020E1ECD500291044;
			productRefGroup = CCFE1CEA20E1ECD500291044 /* Products */;
			projectDirPath = "";
			projectRoot = "";
			targets = (
				CCFE1CE820E1ECD500291044 /* Maps */,
				CCFE1CFC20E1ECD700291044 /* MapsTests */,
				CCFE1D0720E1ECD700291044 /* MapsUITests */,
			);
		};
/* End PBXProject section */

/* Begin PBXResourcesBuildPhase section */
		CCFE1CE720E1ECD500291044 /* Resources */ = {
			isa = PBXResourcesBuildPhase;
			buildActionMask = 2147483647;
			files = (
				CCFE1CF720E1ECD700291044 /* LaunchScreen.storyboard in Resources */,
				CCFE1CF420E1ECD700291044 /* Assets.xcassets in Resources */,
				CCFE1CF220E1ECD600291044 /* Main.storyboard in Resources */,
			);
			runOnlyForDeploymentPostprocessing = 0;
		};
		CCFE1CFB20E1ECD700291044 /* Resources */ = {
			isa = PBXResourcesBuildPhase;
			buildActionMask = 2147483647;
			files = (
			);
			runOnlyForDeploymentPostprocessing = 0;
		};
		CCFE1D0620E1ECD700291044 /* Resources */ = {
			isa = PBXResourcesBuildPhase;
			buildActionMask = 2147483647;
			files = (
			);
			runOnlyForDeploymentPostprocessing = 0;
		};
/* End PBXResourcesBuildPhase section */

/* Begin PBXSourcesBuildPhase section */
		CCFE1CE520E1ECD500291044 /* Sources */ = {
			isa = PBXSourcesBuildPhase;
			buildActionMask = 2147483647;
			files = (
				CCFE1CEF20E1ECD600291044 /* ViewController.swift in Sources */,
				CCFE1CED20E1ECD600291044 /* AppDelegate.swift in Sources */,
			);
			runOnlyForDeploymentPostprocessing = 0;
		};
		CCFE1CF920E1ECD700291044 /* Sources */ = {
			isa = PBXSourcesBuildPhase;
			buildActionMask = 2147483647;
			files = (
				CCFE1D0220E1ECD700291044 /* MapsTests.swift in Sources */,
			);
			runOnlyForDeploymentPostprocessing = 0;
		};
		CCFE1D0420E1ECD700291044 /* Sources */ = {
			isa = PBXSourcesBuildPhase;
			buildActionMask = 2147483647;
			files = (
				CCFE1D0D20E1ECD700291044 /* MapsUITests.swift in Sources */,
			);
			runOnlyForDeploymentPostprocessing = 0;
		};
/* End PBXSourcesBuildPhase section */

/* Begin PBXTargetDependency section */
		CCFE1CFF20E1ECD700291044 /* PBXTargetDependency */ = {
			isa = PBXTargetDependency;
			target = CCFE1CE820E1ECD500291044 /* Maps */;
			targetProxy = CCFE1CFE20E1ECD700291044 /* PBXContainerItemProxy */;
		};
		CCFE1D0A20E1ECD700291044 /* PBXTargetDependency */ = {
			isa = PBXTargetDependency;
			target = CCFE1CE820E1ECD500291044 /* Maps */;
			targetProxy = CCFE1D0920E1ECD700291044 /* PBXContainerItemProxy */;
		};
/* End PBXTargetDependency section */

/* Begin PBXVariantGroup section */
		CCFE1CF020E1ECD600291044 /* Main.storyboard */ = {
			isa = PBXVariantGroup;
			children = (
				CCFE1CF120E1ECD600291044 /* Base */,
			);
			name = Main.storyboard;
			sourceTree = "<group>";
		};
		CCFE1CF520E1ECD700291044 /* LaunchScreen.storyboard */ = {
			isa = PBXVariantGroup;
			children = (
				CCFE1CF620E1ECD700291044 /* Base */,
			);
			name = LaunchScreen.storyboard;
			sourceTree = "<group>";
		};
/* End PBXVariantGroup section */

/* Begin XCBuildConfiguration section */
		CCFE1D0F20E1ECD700291044 /* Debug */ = {
			isa = XCBuildConfiguration;
			buildSettings = {
				ALWAYS_SEARCH_USER_PATHS = NO;
				CLANG_ANALYZER_NONNULL = YES;
				CLANG_ANALYZER_NUMBER_OBJECT_CONVERSION = YES_AGGRESSIVE;
				CLANG_CXX_LANGUAGE_STANDARD = "gnu++14";
				CLANG_CXX_LIBRARY = "libc++";
				CLANG_ENABLE_MODULES = YES;
				CLANG_ENABLE_OBJC_ARC = YES;
				CLANG_ENABLE_OBJC_WEAK = YES;
				CLANG_WARN_BLOCK_CAPTURE_AUTORELEASING = YES;
				CLANG_WARN_BOOL_CONVERSION = YES;
				CLANG_WARN_COMMA = YES;
				CLANG_WARN_CONSTANT_CONVERSION = YES;
				CLANG_WARN_DEPRECATED_OBJC_IMPLEMENTATIONS = YES;
				CLANG_WARN_DIRECT_OBJC_ISA_USAGE = YES_ERROR;
				CLANG_WARN_DOCUMENTATION_COMMENTS = YES;
				CLANG_WARN_EMPTY_BODY = YES;
				CLANG_WARN_ENUM_CONVERSION = YES;
				CLANG_WARN_INFINITE_RECURSION = YES;
				CLANG_WARN_INT_CONVERSION = YES;
				CLANG_WARN_NON_LITERAL_NULL_CONVERSION = YES;
				CLANG_WARN_OBJC_IMPLICIT_RETAIN_SELF = YES;
				CLANG_WARN_OBJC_LITERAL_CONVERSION = YES;
				CLANG_WARN_OBJC_ROOT_CLASS = YES_ERROR;
				CLANG_WARN_RANGE_LOOP_ANALYSIS = YES;
				CLANG_WARN_STRICT_PROTOTYPES = YES;
				CLANG_WARN_SUSPICIOUS_MOVE = YES;
				CLANG_WARN_UNGUARDED_AVAILABILITY = YES_AGGRESSIVE;
				CLANG_WARN_UNREACHABLE_CODE = YES;
				CLANG_WARN__DUPLICATE_METHOD_MATCH = YES;
				CODE_SIGN_IDENTITY = "iPhone Developer";
				COPY_PHASE_STRIP = NO;
				DEBUG_INFORMATION_FORMAT = dwarf;
				ENABLE_STRICT_OBJC_MSGSEND = YES;
				ENABLE_TESTABILITY = YES;
				GCC_C_LANGUAGE_STANDARD = gnu11;
				GCC_DYNAMIC_NO_PIC = NO;
				GCC_NO_COMMON_BLOCKS = YES;
				GCC_OPTIMIZATION_LEVEL = 0;
				GCC_PREPROCESSOR_DEFINITIONS = (
					"DEBUG=1",
					"$(inherited)",
				);
				GCC_WARN_64_TO_32_BIT_CONVERSION = YES;
				GCC_WARN_ABOUT_RETURN_TYPE = YES_ERROR;
				GCC_WARN_UNDECLARED_SELECTOR = YES;
				GCC_WARN_UNINITIALIZED_AUTOS = YES_AGGRESSIVE;
				GCC_WARN_UNUSED_FUNCTION = YES;
				GCC_WARN_UNUSED_VARIABLE = YES;
				IPHONEOS_DEPLOYMENT_TARGET = 11.4;
				MTL_ENABLE_DEBUG_INFO = YES;
				ONLY_ACTIVE_ARCH = YES;
				SDKROOT = iphoneos;
				SWIFT_ACTIVE_COMPILATION_CONDITIONS = DEBUG;
				SWIFT_OPTIMIZATION_LEVEL = "-Onone";
			};
			name = Debug;
		};
		CCFE1D1020E1ECD700291044 /* Release */ = {
			isa = XCBuildConfiguration;
			buildSettings = {
				ALWAYS_SEARCH_USER_PATHS = NO;
				CLANG_ANALYZER_NONNULL = YES;
				CLANG_ANALYZER_NUMBER_OBJECT_CONVERSION = YES_AGGRESSIVE;
				CLANG_CXX_LANGUAGE_STANDARD = "gnu++14";
				CLANG_CXX_LIBRARY = "libc++";
				CLANG_ENABLE_MODULES = YES;
				CLANG_ENABLE_OBJC_ARC = YES;
				CLANG_ENABLE_OBJC_WEAK = YES;
				CLANG_WARN_BLOCK_CAPTURE_AUTORELEASING = YES;
				CLANG_WARN_BOOL_CONVERSION = YES;
				CLANG_WARN_COMMA = YES;
				CLANG_WARN_CONSTANT_CONVERSION = YES;
				CLANG_WARN_DEPRECATED_OBJC_IMPLEMENTATIONS = YES;
				CLANG_WARN_DIRECT_OBJC_ISA_USAGE = YES_ERROR;
				CLANG_WARN_DOCUMENTATION_COMMENTS = YES;
				CLANG_WARN_EMPTY_BODY = YES;
				CLANG_WARN_ENUM_CONVERSION = YES;
				CLANG_WARN_INFINITE_RECURSION = YES;
				CLANG_WARN_INT_CONVERSION = YES;
				CLANG_WARN_NON_LITERAL_NULL_CONVERSION = YES;
				CLANG_WARN_OBJC_IMPLICIT_RETAIN_SELF = YES;
				CLANG_WARN_OBJC_LITERAL_CONVERSION = YES;
				CLANG_WARN_OBJC_ROOT_CLASS = YES_ERROR;
				CLANG_WARN_RANGE_LOOP_ANALYSIS = YES;
				CLANG_WARN_STRICT_PROTOTYPES = YES;
				CLANG_WARN_SUSPICIOUS_MOVE = YES;
				CLANG_WARN_UNGUARDED_AVAILABILITY = YES_AGGRESSIVE;
				CLANG_WARN_UNREACHABLE_CODE = YES;
				CLANG_WARN__DUPLICATE_METHOD_MATCH = YES;
				CODE_SIGN_IDENTITY = "iPhone Developer";
				COPY_PHASE_STRIP = NO;
				DEBUG_INFORMATION_FORMAT = "dwarf-with-dsym";
				ENABLE_NS_ASSERTIONS = NO;
				ENABLE_STRICT_OBJC_MSGSEND = YES;
				GCC_C_LANGUAGE_STANDARD = gnu11;
				GCC_NO_COMMON_BLOCKS = YES;
				GCC_WARN_64_TO_32_BIT_CONVERSION = YES;
				GCC_WARN_ABOUT_RETURN_TYPE = YES_ERROR;
				GCC_WARN_UNDECLARED_SELECTOR = YES;
				GCC_WARN_UNINITIALIZED_AUTOS = YES_AGGRESSIVE;
				GCC_WARN_UNUSED_FUNCTION = YES;
				GCC_WARN_UNUSED_VARIABLE = YES;
				IPHONEOS_DEPLOYMENT_TARGET = 11.4;
				MTL_ENABLE_DEBUG_INFO = NO;
				SDKROOT = iphoneos;
				SWIFT_COMPILATION_MODE = wholemodule;
				SWIFT_OPTIMIZATION_LEVEL = "-O";
				VALIDATE_PRODUCT = YES;
			};
			name = Release;
		};
		CCFE1D1220E1ECD700291044 /* Debug */ = {
			isa = XCBuildConfiguration;
			buildSettings = {
				ASSETCATALOG_COMPILER_APPICON_NAME = AppIcon;
				CODE_SIGN_STYLE = Automatic;
				DEVELOPMENT_TEAM = 3R62Y6D2FA;
				INFOPLIST_FILE = Maps/Info.plist;
				LD_RUNPATH_SEARCH_PATHS = (
					"$(inherited)",
					"@executable_path/Frameworks",
				);
				PRODUCT_BUNDLE_IDENTIFIER = com.sirfame.Maps;
				PRODUCT_NAME = "$(TARGET_NAME)";
				SWIFT_VERSION = 4.0;
				TARGETED_DEVICE_FAMILY = "1,2";
			};
			name = Debug;
		};
		CCFE1D1320E1ECD700291044 /* Release */ = {
			isa = XCBuildConfiguration;
			buildSettings = {
				ASSETCATALOG_COMPILER_APPICON_NAME = AppIcon;
				CODE_SIGN_STYLE = Automatic;
				DEVELOPMENT_TEAM = 3R62Y6D2FA;
				INFOPLIST_FILE = Maps/Info.plist;
				LD_RUNPATH_SEARCH_PATHS = (
					"$(inherited)",
					"@executable_path/Frameworks",
				);
				PRODUCT_BUNDLE_IDENTIFIER = com.sirfame.Maps;
				PRODUCT_NAME = "$(TARGET_NAME)";
				SWIFT_VERSION = 4.0;
				TARGETED_DEVICE_FAMILY = "1,2";
			};
			name = Release;
		};
		CCFE1D1520E1ECD700291044 /* Debug */ = {
			isa = XCBuildConfiguration;
			buildSettings = {
				ALWAYS_EMBED_SWIFT_STANDARD_LIBRARIES = YES;
				BUNDLE_LOADER = "$(TEST_HOST)";
				CODE_SIGN_STYLE = Automatic;
				DEVELOPMENT_TEAM = 3R62Y6D2FA;
				INFOPLIST_FILE = MapsTests/Info.plist;
				LD_RUNPATH_SEARCH_PATHS = (
					"$(inherited)",
					"@executable_path/Frameworks",
					"@loader_path/Frameworks",
				);
				PRODUCT_BUNDLE_IDENTIFIER = com.sirfame.MapsTests;
				PRODUCT_NAME = "$(TARGET_NAME)";
				SWIFT_VERSION = 4.0;
				TARGETED_DEVICE_FAMILY = "1,2";
				TEST_HOST = "$(BUILT_PRODUCTS_DIR)/Maps.app/Maps";
			};
			name = Debug;
		};
		CCFE1D1620E1ECD700291044 /* Release */ = {
			isa = XCBuildConfiguration;
			buildSettings = {
				ALWAYS_EMBED_SWIFT_STANDARD_LIBRARIES = YES;
				BUNDLE_LOADER = "$(TEST_HOST)";
				CODE_SIGN_STYLE = Automatic;
				DEVELOPMENT_TEAM = 3R62Y6D2FA;
				INFOPLIST_FILE = MapsTests/Info.plist;
				LD_RUNPATH_SEARCH_PATHS = (
					"$(inherited)",
					"@executable_path/Frameworks",
					"@loader_path/Frameworks",
				);
				PRODUCT_BUNDLE_IDENTIFIER = com.sirfame.MapsTests;
				PRODUCT_NAME = "$(TARGET_NAME)";
				SWIFT_VERSION = 4.0;
				TARGETED_DEVICE_FAMILY = "1,2";
				TEST_HOST = "$(BUILT_PRODUCTS_DIR)/Maps.app/Maps";
			};
			name = Release;
		};
		CCFE1D1820E1ECD700291044 /* Debug */ = {
			isa = XCBuildConfiguration;
			buildSettings = {
				ALWAYS_EMBED_SWIFT_STANDARD_LIBRARIES = YES;
				CODE_SIGN_STYLE = Automatic;
				DEVELOPMENT_TEAM = 3R62Y6D2FA;
				INFOPLIST_FILE = MapsUITests/Info.plist;
				LD_RUNPATH_SEARCH_PATHS = (
					"$(inherited)",
					"@executable_path/Frameworks",
					"@loader_path/Frameworks",
				);
				PRODUCT_BUNDLE_IDENTIFIER = com.sirfame.MapsUITests;
				PRODUCT_NAME = "$(TARGET_NAME)";
				SWIFT_VERSION = 4.0;
				TARGETED_DEVICE_FAMILY = "1,2";
				TEST_TARGET_NAME = Maps;
			};
			name = Debug;
		};
		CCFE1D1920E1ECD700291044 /* Release */ = {
			isa = XCBuildConfiguration;
			buildSettings = {
				ALWAYS_EMBED_SWIFT_STANDARD_LIBRARIES = YES;
				CODE_SIGN_STYLE = Automatic;
				DEVELOPMENT_TEAM = 3R62Y6D2FA;
				INFOPLIST_FILE = MapsUITests/Info.plist;
				LD_RUNPATH_SEARCH_PATHS = (
					"$(inherited)",
					"@executable_path/Frameworks",
					"@loader_path/Frameworks",
				);
				PRODUCT_BUNDLE_IDENTIFIER = com.sirfame.MapsUITests;
				PRODUCT_NAME = "$(TARGET_NAME)";
				SWIFT_VERSION = 4.0;
				TARGETED_DEVICE_FAMILY = "1,2";
				TEST_TARGET_NAME = Maps;
			};
			name = Release;
		};
/* End XCBuildConfiguration section */

/* Begin XCConfigurationList section */
		CCFE1CE420E1ECD500291044 /* Build configuration list for PBXProject "Maps" */ = {
			isa = XCConfigurationList;
			buildConfigurations = (
				CCFE1D0F20E1ECD700291044 /* Debug */,
				CCFE1D1020E1ECD700291044 /* Release */,
			);
			defaultConfigurationIsVisible = 0;
			defaultConfigurationName = Release;
		};
		CCFE1D1120E1ECD700291044 /* Build configuration list for PBXNativeTarget "Maps" */ = {
			isa = XCConfigurationList;
			buildConfigurations = (
				CCFE1D1220E1ECD700291044 /* Debug */,
				CCFE1D1320E1ECD700291044 /* Release */,
			);
			defaultConfigurationIsVisible = 0;
			defaultConfigurationName = Release;
		};
		CCFE1D1420E1ECD700291044 /* Build configuration list for PBXNativeTarget "MapsTests" */ = {
			isa = XCConfigurationList;
			buildConfigurations = (
				CCFE1D1520E1ECD700291044 /* Debug */,
				CCFE1D1620E1ECD700291044 /* Release */,
			);
			defaultConfigurationIsVisible = 0;
			defaultConfigurationName = Release;
		};
		CCFE1D1720E1ECD700291044 /* Build configuration list for PBXNativeTarget "MapsUITests" */ = {
			isa = XCConfigurationList;
			buildConfigurations = (
				CCFE1D1820E1ECD700291044 /* Debug */,
				CCFE1D1920E1ECD700291044 /* Release */,
			);
			defaultConfigurationIsVisible = 0;
			defaultConfigurationName = Release;
		};
/* End XCConfigurationList section */
	};
	rootObject = CCFE1CE120E1ECD500291044 /* Project object */;
}
