// !$*UTF8*$!
{
	archiveVersion = 1;
	classes = {
	};
	objectVersion = 50;
	objects = {

/* Begin PBXBuildFile section */
		CC562D5C20F5001E00BE831F /* AppDelegate.swift in Sources */ = {isa = PBXBuildFile; fileRef = CC562D5B20F5001E00BE831F /* AppDelegate.swift */; };
		CC562D5E20F5001E00BE831F /* ViewController.swift in Sources */ = {isa = PBXBuildFile; fileRef = CC562D5D20F5001E00BE831F /* ViewController.swift */; };
		CC562D6120F5001E00BE831F /* Main.storyboard in Resources */ = {isa = PBXBuildFile; fileRef = CC562D5F20F5001E00BE831F /* Main.storyboard */; };
		CC562D6320F5001E00BE831F /* Assets.xcassets in Resources */ = {isa = PBXBuildFile; fileRef = CC562D6220F5001E00BE831F /* Assets.xcassets */; };
		CC562D6620F5001E00BE831F /* LaunchScreen.storyboard in Resources */ = {isa = PBXBuildFile; fileRef = CC562D6420F5001E00BE831F /* LaunchScreen.storyboard */; };
		CC562D7120F5001E00BE831F /* Memorable_PlacesTests.swift in Sources */ = {isa = PBXBuildFile; fileRef = CC562D7020F5001E00BE831F /* Memorable_PlacesTests.swift */; };
		CC562D7C20F5001E00BE831F /* Memorable_PlacesUITests.swift in Sources */ = {isa = PBXBuildFile; fileRef = CC562D7B20F5001E00BE831F /* Memorable_PlacesUITests.swift */; };
/* End PBXBuildFile section */

/* Begin PBXContainerItemProxy section */
		CC562D6D20F5001E00BE831F /* PBXContainerItemProxy */ = {
			isa = PBXContainerItemProxy;
			containerPortal = CC562D5020F5001D00BE831F /* Project object */;
			proxyType = 1;
			remoteGlobalIDString = CC562D5720F5001D00BE831F;
			remoteInfo = "Memorable Places";
		};
		CC562D7820F5001E00BE831F /* PBXContainerItemProxy */ = {
			isa = PBXContainerItemProxy;
			containerPortal = CC562D5020F5001D00BE831F /* Project object */;
			proxyType = 1;
			remoteGlobalIDString = CC562D5720F5001D00BE831F;
			remoteInfo = "Memorable Places";
		};
/* End PBXContainerItemProxy section */

/* Begin PBXFileReference section */
		CC562D5820F5001E00BE831F /* Memorable Places.app */ = {isa = PBXFileReference; explicitFileType = wrapper.application; includeInIndex = 0; path = "Memorable Places.app"; sourceTree = BUILT_PRODUCTS_DIR; };
		CC562D5B20F5001E00BE831F /* AppDelegate.swift */ = {isa = PBXFileReference; lastKnownFileType = sourcecode.swift; path = AppDelegate.swift; sourceTree = "<group>"; };
		CC562D5D20F5001E00BE831F /* ViewController.swift */ = {isa = PBXFileReference; lastKnownFileType = sourcecode.swift; path = ViewController.swift; sourceTree = "<group>"; };
		CC562D6020F5001E00BE831F /* Base */ = {isa = PBXFileReference; lastKnownFileType = file.storyboard; name = Base; path = Base.lproj/Main.storyboard; sourceTree = "<group>"; };
		CC562D6220F5001E00BE831F /* Assets.xcassets */ = {isa = PBXFileReference; lastKnownFileType = folder.assetcatalog; path = Assets.xcassets; sourceTree = "<group>"; };
		CC562D6520F5001E00BE831F /* Base */ = {isa = PBXFileReference; lastKnownFileType = file.storyboard; name = Base; path = Base.lproj/LaunchScreen.storyboard; sourceTree = "<group>"; };
		CC562D6720F5001E00BE831F /* Info.plist */ = {isa = PBXFileReference; lastKnownFileType = text.plist.xml; path = Info.plist; sourceTree = "<group>"; };
		CC562D6C20F5001E00BE831F /* Memorable PlacesTests.xctest */ = {isa = PBXFileReference; explicitFileType = wrapper.cfbundle; includeInIndex = 0; path = "Memorable PlacesTests.xctest"; sourceTree = BUILT_PRODUCTS_DIR; };
		CC562D7020F5001E00BE831F /* Memorable_PlacesTests.swift */ = {isa = PBXFileReference; lastKnownFileType = sourcecode.swift; path = Memorable_PlacesTests.swift; sourceTree = "<group>"; };
		CC562D7220F5001E00BE831F /* Info.plist */ = {isa = PBXFileReference; lastKnownFileType = text.plist.xml; path = Info.plist; sourceTree = "<group>"; };
		CC562D7720F5001E00BE831F /* Memorable PlacesUITests.xctest */ = {isa = PBXFileReference; explicitFileType = wrapper.cfbundle; includeInIndex = 0; path = "Memorable PlacesUITests.xctest"; sourceTree = BUILT_PRODUCTS_DIR; };
		CC562D7B20F5001E00BE831F /* Memorable_PlacesUITests.swift */ = {isa = PBXFileReference; lastKnownFileType = sourcecode.swift; path = Memorable_PlacesUITests.swift; sourceTree = "<group>"; };
		CC562D7D20F5001E00BE831F /* Info.plist */ = {isa = PBXFileReference; lastKnownFileType = text.plist.xml; path = Info.plist; sourceTree = "<group>"; };
/* End PBXFileReference section */

/* Begin PBXFrameworksBuildPhase section */
		CC562D5520F5001D00BE831F /* Frameworks */ = {
			isa = PBXFrameworksBuildPhase;
			buildActionMask = 2147483647;
			files = (
			);
			runOnlyForDeploymentPostprocessing = 0;
		};
		CC562D6920F5001E00BE831F /* Frameworks */ = {
			isa = PBXFrameworksBuildPhase;
			buildActionMask = 2147483647;
			files = (
			);
			runOnlyForDeploymentPostprocessing = 0;
		};
		CC562D7420F5001E00BE831F /* Frameworks */ = {
			isa = PBXFrameworksBuildPhase;
			buildActionMask = 2147483647;
			files = (
			);
			runOnlyForDeploymentPostprocessing = 0;
		};
/* End PBXFrameworksBuildPhase section */

/* Begin PBXGroup section */
		CC562D4F20F5001D00BE831F = {
			isa = PBXGroup;
			children = (
				CC562D5A20F5001E00BE831F /* Memorable Places */,
				CC562D6F20F5001E00BE831F /* Memorable PlacesTests */,
				CC562D7A20F5001E00BE831F /* Memorable PlacesUITests */,
				CC562D5920F5001E00BE831F /* Products */,
			);
			sourceTree = "<group>";
		};
		CC562D5920F5001E00BE831F /* Products */ = {
			isa = PBXGroup;
			children = (
				CC562D5820F5001E00BE831F /* Memorable Places.app */,
				CC562D6C20F5001E00BE831F /* Memorable PlacesTests.xctest */,
				CC562D7720F5001E00BE831F /* Memorable PlacesUITests.xctest */,
			);
			name = Products;
			sourceTree = "<group>";
		};
		CC562D5A20F5001E00BE831F /* Memorable Places */ = {
			isa = PBXGroup;
			children = (
				CC562D5B20F5001E00BE831F /* AppDelegate.swift */,
				CC562D5D20F5001E00BE831F /* ViewController.swift */,
				CC562D5F20F5001E00BE831F /* Main.storyboard */,
				CC562D6220F5001E00BE831F /* Assets.xcassets */,
				CC562D6420F5001E00BE831F /* LaunchScreen.storyboard */,
				CC562D6720F5001E00BE831F /* Info.plist */,
			);
			path = "Memorable Places";
			sourceTree = "<group>";
		};
		CC562D6F20F5001E00BE831F /* Memorable PlacesTests */ = {
			isa = PBXGroup;
			children = (
				CC562D7020F5001E00BE831F /* Memorable_PlacesTests.swift */,
				CC562D7220F5001E00BE831F /* Info.plist */,
			);
			path = "Memorable PlacesTests";
			sourceTree = "<group>";
		};
		CC562D7A20F5001E00BE831F /* Memorable PlacesUITests */ = {
			isa = PBXGroup;
			children = (
				CC562D7B20F5001E00BE831F /* Memorable_PlacesUITests.swift */,
				CC562D7D20F5001E00BE831F /* Info.plist */,
			);
			path = "Memorable PlacesUITests";
			sourceTree = "<group>";
		};
/* End PBXGroup section */

/* Begin PBXNativeTarget section */
		CC562D5720F5001D00BE831F /* Memorable Places */ = {
			isa = PBXNativeTarget;
			buildConfigurationList = CC562D8020F5001E00BE831F /* Build configuration list for PBXNativeTarget "Memorable Places" */;
			buildPhases = (
				CC562D5420F5001D00BE831F /* Sources */,
				CC562D5520F5001D00BE831F /* Frameworks */,
				CC562D5620F5001D00BE831F /* Resources */,
			);
			buildRules = (
			);
			dependencies = (
			);
			name = "Memorable Places";
			productName = "Memorable Places";
			productReference = CC562D5820F5001E00BE831F /* Memorable Places.app */;
			productType = "com.apple.product-type.application";
		};
		CC562D6B20F5001E00BE831F /* Memorable PlacesTests */ = {
			isa = PBXNativeTarget;
			buildConfigurationList = CC562D8320F5001E00BE831F /* Build configuration list for PBXNativeTarget "Memorable PlacesTests" */;
			buildPhases = (
				CC562D6820F5001E00BE831F /* Sources */,
				CC562D6920F5001E00BE831F /* Frameworks */,
				CC562D6A20F5001E00BE831F /* Resources */,
			);
			buildRules = (
			);
			dependencies = (
				CC562D6E20F5001E00BE831F /* PBXTargetDependency */,
			);
			name = "Memorable PlacesTests";
			productName = "Memorable PlacesTests";
			productReference = CC562D6C20F5001E00BE831F /* Memorable PlacesTests.xctest */;
			productType = "com.apple.product-type.bundle.unit-test";
		};
		CC562D7620F5001E00BE831F /* Memorable PlacesUITests */ = {
			isa = PBXNativeTarget;
			buildConfigurationList = CC562D8620F5001E00BE831F /* Build configuration list for PBXNativeTarget "Memorable PlacesUITests" */;
			buildPhases = (
				CC562D7320F5001E00BE831F /* Sources */,
				CC562D7420F5001E00BE831F /* Frameworks */,
				CC562D7520F5001E00BE831F /* Resources */,
			);
			buildRules = (
			);
			dependencies = (
				CC562D7920F5001E00BE831F /* PBXTargetDependency */,
			);
			name = "Memorable PlacesUITests";
			productName = "Memorable PlacesUITests";
			productReference = CC562D7720F5001E00BE831F /* Memorable PlacesUITests.xctest */;
			productType = "com.apple.product-type.bundle.ui-testing";
		};
/* End PBXNativeTarget section */

/* Begin PBXProject section */
		CC562D5020F5001D00BE831F /* Project object */ = {
			isa = PBXProject;
			attributes = {
				LastSwiftUpdateCheck = 0940;
				LastUpgradeCheck = 0940;
				ORGANIZATIONNAME = "Sirfame Lin";
				TargetAttributes = {
					CC562D5720F5001D00BE831F = {
						CreatedOnToolsVersion = 9.4.1;
					};
					CC562D6B20F5001E00BE831F = {
						CreatedOnToolsVersion = 9.4.1;
						TestTargetID = CC562D5720F5001D00BE831F;
					};
					CC562D7620F5001E00BE831F = {
						CreatedOnToolsVersion = 9.4.1;
						TestTargetID = CC562D5720F5001D00BE831F;
					};
				};
			};
			buildConfigurationList = CC562D5320F5001D00BE831F /* Build configuration list for PBXProject "Memorable Places" */;
			compatibilityVersion = "Xcode 9.3";
			developmentRegion = en;
			hasScannedForEncodings = 0;
			knownRegions = (
				en,
				Base,
			);
			mainGroup = CC562D4F20F5001D00BE831F;
			productRefGroup = CC562D5920F5001E00BE831F /* Products */;
			projectDirPath = "";
			projectRoot = "";
			targets = (
				CC562D5720F5001D00BE831F /* Memorable Places */,
				CC562D6B20F5001E00BE831F /* Memorable PlacesTests */,
				CC562D7620F5001E00BE831F /* Memorable PlacesUITests */,
			);
		};
/* End PBXProject section */

/* Begin PBXResourcesBuildPhase section */
		CC562D5620F5001D00BE831F /* Resources */ = {
			isa = PBXResourcesBuildPhase;
			buildActionMask = 2147483647;
			files = (
				CC562D6620F5001E00BE831F /* LaunchScreen.storyboard in Resources */,
				CC562D6320F5001E00BE831F /* Assets.xcassets in Resources */,
				CC562D6120F5001E00BE831F /* Main.storyboard in Resources */,
			);
			runOnlyForDeploymentPostprocessing = 0;
		};
		CC562D6A20F5001E00BE831F /* Resources */ = {
			isa = PBXResourcesBuildPhase;
			buildActionMask = 2147483647;
			files = (
			);
			runOnlyForDeploymentPostprocessing = 0;
		};
		CC562D7520F5001E00BE831F /* Resources */ = {
			isa = PBXResourcesBuildPhase;
			buildActionMask = 2147483647;
			files = (
			);
			runOnlyForDeploymentPostprocessing = 0;
		};
/* End PBXResourcesBuildPhase section */

/* Begin PBXSourcesBuildPhase section */
		CC562D5420F5001D00BE831F /* Sources */ = {
			isa = PBXSourcesBuildPhase;
			buildActionMask = 2147483647;
			files = (
				CC562D5E20F5001E00BE831F /* ViewController.swift in Sources */,
				CC562D5C20F5001E00BE831F /* AppDelegate.swift in Sources */,
			);
			runOnlyForDeploymentPostprocessing = 0;
		};
		CC562D6820F5001E00BE831F /* Sources */ = {
			isa = PBXSourcesBuildPhase;
			buildActionMask = 2147483647;
			files = (
				CC562D7120F5001E00BE831F /* Memorable_PlacesTests.swift in Sources */,
			);
			runOnlyForDeploymentPostprocessing = 0;
		};
		CC562D7320F5001E00BE831F /* Sources */ = {
			isa = PBXSourcesBuildPhase;
			buildActionMask = 2147483647;
			files = (
				CC562D7C20F5001E00BE831F /* Memorable_PlacesUITests.swift in Sources */,
			);
			runOnlyForDeploymentPostprocessing = 0;
		};
/* End PBXSourcesBuildPhase section */

/* Begin PBXTargetDependency section */
		CC562D6E20F5001E00BE831F /* PBXTargetDependency */ = {
			isa = PBXTargetDependency;
			target = CC562D5720F5001D00BE831F /* Memorable Places */;
			targetProxy = CC562D6D20F5001E00BE831F /* PBXContainerItemProxy */;
		};
		CC562D7920F5001E00BE831F /* PBXTargetDependency */ = {
			isa = PBXTargetDependency;
			target = CC562D5720F5001D00BE831F /* Memorable Places */;
			targetProxy = CC562D7820F5001E00BE831F /* PBXContainerItemProxy */;
		};
/* End PBXTargetDependency section */

/* Begin PBXVariantGroup section */
		CC562D5F20F5001E00BE831F /* Main.storyboard */ = {
			isa = PBXVariantGroup;
			children = (
				CC562D6020F5001E00BE831F /* Base */,
			);
			name = Main.storyboard;
			sourceTree = "<group>";
		};
		CC562D6420F5001E00BE831F /* LaunchScreen.storyboard */ = {
			isa = PBXVariantGroup;
			children = (
				CC562D6520F5001E00BE831F /* Base */,
			);
			name = LaunchScreen.storyboard;
			sourceTree = "<group>";
		};
/* End PBXVariantGroup section */

/* Begin XCBuildConfiguration section */
		CC562D7E20F5001E00BE831F /* Debug */ = {
			isa = XCBuildConfiguration;
			buildSettings = {
				ALWAYS_SEARCH_USER_PATHS = NO;
				CLANG_ANALYZER_NONNULL = YES;
				CLANG_ANALYZER_NUMBER_OBJECT_CONVERSION = YES_AGGRESSIVE;
				CLANG_CXX_LANGUAGE_STANDARD = "gnu++14";
				CLANG_CXX_LIBRARY = "libc++";
				CLANG_ENABLE_MODULES = YES;
				CLANG_ENABLE_OBJC_ARC = YES;
				CLANG_ENABLE_OBJC_WEAK = YES;
				CLANG_WARN_BLOCK_CAPTURE_AUTORELEASING = YES;
				CLANG_WARN_BOOL_CONVERSION = YES;
				CLANG_WARN_COMMA = YES;
				CLANG_WARN_CONSTANT_CONVERSION = YES;
				CLANG_WARN_DEPRECATED_OBJC_IMPLEMENTATIONS = YES;
				CLANG_WARN_DIRECT_OBJC_ISA_USAGE = YES_ERROR;
				CLANG_WARN_DOCUMENTATION_COMMENTS = YES;
				CLANG_WARN_EMPTY_BODY = YES;
				CLANG_WARN_ENUM_CONVERSION = YES;
				CLANG_WARN_INFINITE_RECURSION = YES;
				CLANG_WARN_INT_CONVERSION = YES;
				CLANG_WARN_NON_LITERAL_NULL_CONVERSION = YES;
				CLANG_WARN_OBJC_IMPLICIT_RETAIN_SELF = YES;
				CLANG_WARN_OBJC_LITERAL_CONVERSION = YES;
				CLANG_WARN_OBJC_ROOT_CLASS = YES_ERROR;
				CLANG_WARN_RANGE_LOOP_ANALYSIS = YES;
				CLANG_WARN_STRICT_PROTOTYPES = YES;
				CLANG_WARN_SUSPICIOUS_MOVE = YES;
				CLANG_WARN_UNGUARDED_AVAILABILITY = YES_AGGRESSIVE;
				CLANG_WARN_UNREACHABLE_CODE = YES;
				CLANG_WARN__DUPLICATE_METHOD_MATCH = YES;
				CODE_SIGN_IDENTITY = "iPhone Developer";
				COPY_PHASE_STRIP = NO;
				DEBUG_INFORMATION_FORMAT = dwarf;
				ENABLE_STRICT_OBJC_MSGSEND = YES;
				ENABLE_TESTABILITY = YES;
				GCC_C_LANGUAGE_STANDARD = gnu11;
				GCC_DYNAMIC_NO_PIC = NO;
				GCC_NO_COMMON_BLOCKS = YES;
				GCC_OPTIMIZATION_LEVEL = 0;
				GCC_PREPROCESSOR_DEFINITIONS = (
					"DEBUG=1",
					"$(inherited)",
				);
				GCC_WARN_64_TO_32_BIT_CONVERSION = YES;
				GCC_WARN_ABOUT_RETURN_TYPE = YES_ERROR;
				GCC_WARN_UNDECLARED_SELECTOR = YES;
				GCC_WARN_UNINITIALIZED_AUTOS = YES_AGGRESSIVE;
				GCC_WARN_UNUSED_FUNCTION = YES;
				GCC_WARN_UNUSED_VARIABLE = YES;
				IPHONEOS_DEPLOYMENT_TARGET = 11.4;
				MTL_ENABLE_DEBUG_INFO = YES;
				ONLY_ACTIVE_ARCH = YES;
				SDKROOT = iphoneos;
				SWIFT_ACTIVE_COMPILATION_CONDITIONS = DEBUG;
				SWIFT_OPTIMIZATION_LEVEL = "-Onone";
			};
			name = Debug;
		};
		CC562D7F20F5001E00BE831F /* Release */ = {
			isa = XCBuildConfiguration;
			buildSettings = {
				ALWAYS_SEARCH_USER_PATHS = NO;
				CLANG_ANALYZER_NONNULL = YES;
				CLANG_ANALYZER_NUMBER_OBJECT_CONVERSION = YES_AGGRESSIVE;
				CLANG_CXX_LANGUAGE_STANDARD = "gnu++14";
				CLANG_CXX_LIBRARY = "libc++";
				CLANG_ENABLE_MODULES = YES;
				CLANG_ENABLE_OBJC_ARC = YES;
				CLANG_ENABLE_OBJC_WEAK = YES;
				CLANG_WARN_BLOCK_CAPTURE_AUTORELEASING = YES;
				CLANG_WARN_BOOL_CONVERSION = YES;
				CLANG_WARN_COMMA = YES;
				CLANG_WARN_CONSTANT_CONVERSION = YES;
				CLANG_WARN_DEPRECATED_OBJC_IMPLEMENTATIONS = YES;
				CLANG_WARN_DIRECT_OBJC_ISA_USAGE = YES_ERROR;
				CLANG_WARN_DOCUMENTATION_COMMENTS = YES;
				CLANG_WARN_EMPTY_BODY = YES;
				CLANG_WARN_ENUM_CONVERSION = YES;
				CLANG_WARN_INFINITE_RECURSION = YES;
				CLANG_WARN_INT_CONVERSION = YES;
				CLANG_WARN_NON_LITERAL_NULL_CONVERSION = YES;
				CLANG_WARN_OBJC_IMPLICIT_RETAIN_SELF = YES;
				CLANG_WARN_OBJC_LITERAL_CONVERSION = YES;
				CLANG_WARN_OBJC_ROOT_CLASS = YES_ERROR;
				CLANG_WARN_RANGE_LOOP_ANALYSIS = YES;
				CLANG_WARN_STRICT_PROTOTYPES = YES;
				CLANG_WARN_SUSPICIOUS_MOVE = YES;
				CLANG_WARN_UNGUARDED_AVAILABILITY = YES_AGGRESSIVE;
				CLANG_WARN_UNREACHABLE_CODE = YES;
				CLANG_WARN__DUPLICATE_METHOD_MATCH = YES;
				CODE_SIGN_IDENTITY = "iPhone Developer";
				COPY_PHASE_STRIP = NO;
				DEBUG_INFORMATION_FORMAT = "dwarf-with-dsym";
				ENABLE_NS_ASSERTIONS = NO;
				ENABLE_STRICT_OBJC_MSGSEND = YES;
				GCC_C_LANGUAGE_STANDARD = gnu11;
				GCC_NO_COMMON_BLOCKS = YES;
				GCC_WARN_64_TO_32_BIT_CONVERSION = YES;
				GCC_WARN_ABOUT_RETURN_TYPE = YES_ERROR;
				GCC_WARN_UNDECLARED_SELECTOR = YES;
				GCC_WARN_UNINITIALIZED_AUTOS = YES_AGGRESSIVE;
				GCC_WARN_UNUSED_FUNCTION = YES;
				GCC_WARN_UNUSED_VARIABLE = YES;
				IPHONEOS_DEPLOYMENT_TARGET = 11.4;
				MTL_ENABLE_DEBUG_INFO = NO;
				SDKROOT = iphoneos;
				SWIFT_COMPILATION_MODE = wholemodule;
				SWIFT_OPTIMIZATION_LEVEL = "-O";
				VALIDATE_PRODUCT = YES;
			};
			name = Release;
		};
		CC562D8120F5001E00BE831F /* Debug */ = {
			isa = XCBuildConfiguration;
			buildSettings = {
				ASSETCATALOG_COMPILER_APPICON_NAME = AppIcon;
				CODE_SIGN_STYLE = Automatic;
				DEVELOPMENT_TEAM = 3R62Y6D2FA;
				INFOPLIST_FILE = "Memorable Places/Info.plist";
				LD_RUNPATH_SEARCH_PATHS = (
					"$(inherited)",
					"@executable_path/Frameworks",
				);
				PRODUCT_BUNDLE_IDENTIFIER = "com.sirfame.Memorable-Places";
				PRODUCT_NAME = "$(TARGET_NAME)";
				SWIFT_VERSION = 4.0;
				TARGETED_DEVICE_FAMILY = "1,2";
			};
			name = Debug;
		};
		CC562D8220F5001E00BE831F /* Release */ = {
			isa = XCBuildConfiguration;
			buildSettings = {
				ASSETCATALOG_COMPILER_APPICON_NAME = AppIcon;
				CODE_SIGN_STYLE = Automatic;
				DEVELOPMENT_TEAM = 3R62Y6D2FA;
				INFOPLIST_FILE = "Memorable Places/Info.plist";
				LD_RUNPATH_SEARCH_PATHS = (
					"$(inherited)",
					"@executable_path/Frameworks",
				);
				PRODUCT_BUNDLE_IDENTIFIER = "com.sirfame.Memorable-Places";
				PRODUCT_NAME = "$(TARGET_NAME)";
				SWIFT_VERSION = 4.0;
				TARGETED_DEVICE_FAMILY = "1,2";
			};
			name = Release;
		};
		CC562D8420F5001E00BE831F /* Debug */ = {
			isa = XCBuildConfiguration;
			buildSettings = {
				ALWAYS_EMBED_SWIFT_STANDARD_LIBRARIES = YES;
				BUNDLE_LOADER = "$(TEST_HOST)";
				CODE_SIGN_STYLE = Automatic;
				DEVELOPMENT_TEAM = 3R62Y6D2FA;
				INFOPLIST_FILE = "Memorable PlacesTests/Info.plist";
				LD_RUNPATH_SEARCH_PATHS = (
					"$(inherited)",
					"@executable_path/Frameworks",
					"@loader_path/Frameworks",
				);
				PRODUCT_BUNDLE_IDENTIFIER = "com.sirfame.Memorable-PlacesTests";
				PRODUCT_NAME = "$(TARGET_NAME)";
				SWIFT_VERSION = 4.0;
				TARGETED_DEVICE_FAMILY = "1,2";
				TEST_HOST = "$(BUILT_PRODUCTS_DIR)/Memorable Places.app/Memorable Places";
			};
			name = Debug;
		};
		CC562D8520F5001E00BE831F /* Release */ = {
			isa = XCBuildConfiguration;
			buildSettings = {
				ALWAYS_EMBED_SWIFT_STANDARD_LIBRARIES = YES;
				BUNDLE_LOADER = "$(TEST_HOST)";
				CODE_SIGN_STYLE = Automatic;
				DEVELOPMENT_TEAM = 3R62Y6D2FA;
				INFOPLIST_FILE = "Memorable PlacesTests/Info.plist";
				LD_RUNPATH_SEARCH_PATHS = (
					"$(inherited)",
					"@executable_path/Frameworks",
					"@loader_path/Frameworks",
				);
				PRODUCT_BUNDLE_IDENTIFIER = "com.sirfame.Memorable-PlacesTests";
				PRODUCT_NAME = "$(TARGET_NAME)";
				SWIFT_VERSION = 4.0;
				TARGETED_DEVICE_FAMILY = "1,2";
				TEST_HOST = "$(BUILT_PRODUCTS_DIR)/Memorable Places.app/Memorable Places";
			};
			name = Release;
		};
		CC562D8720F5001E00BE831F /* Debug */ = {
			isa = XCBuildConfiguration;
			buildSettings = {
				ALWAYS_EMBED_SWIFT_STANDARD_LIBRARIES = YES;
				CODE_SIGN_STYLE = Automatic;
				DEVELOPMENT_TEAM = 3R62Y6D2FA;
				INFOPLIST_FILE = "Memorable PlacesUITests/Info.plist";
				LD_RUNPATH_SEARCH_PATHS = (
					"$(inherited)",
					"@executable_path/Frameworks",
					"@loader_path/Frameworks",
				);
				PRODUCT_BUNDLE_IDENTIFIER = "com.sirfame.Memorable-PlacesUITests";
				PRODUCT_NAME = "$(TARGET_NAME)";
				SWIFT_VERSION = 4.0;
				TARGETED_DEVICE_FAMILY = "1,2";
				TEST_TARGET_NAME = "Memorable Places";
			};
			name = Debug;
		};
		CC562D8820F5001E00BE831F /* Release */ = {
			isa = XCBuildConfiguration;
			buildSettings = {
				ALWAYS_EMBED_SWIFT_STANDARD_LIBRARIES = YES;
				CODE_SIGN_STYLE = Automatic;
				DEVELOPMENT_TEAM = 3R62Y6D2FA;
				INFOPLIST_FILE = "Memorable PlacesUITests/Info.plist";
				LD_RUNPATH_SEARCH_PATHS = (
					"$(inherited)",
					"@executable_path/Frameworks",
					"@loader_path/Frameworks",
				);
				PRODUCT_BUNDLE_IDENTIFIER = "com.sirfame.Memorable-PlacesUITests";
				PRODUCT_NAME = "$(TARGET_NAME)";
				SWIFT_VERSION = 4.0;
				TARGETED_DEVICE_FAMILY = "1,2";
				TEST_TARGET_NAME = "Memorable Places";
			};
			name = Release;
		};
/* End XCBuildConfiguration section */

/* Begin XCConfigurationList section */
		CC562D5320F5001D00BE831F /* Build configuration list for PBXProject "Memorable Places" */ = {
			isa = XCConfigurationList;
			buildConfigurations = (
				CC562D7E20F5001E00BE831F /* Debug */,
				CC562D7F20F5001E00BE831F /* Release */,
			);
			defaultConfigurationIsVisible = 0;
			defaultConfigurationName = Release;
		};
		CC562D8020F5001E00BE831F /* Build configuration list for PBXNativeTarget "Memorable Places" */ = {
			isa = XCConfigurationList;
			buildConfigurations = (
				CC562D8120F5001E00BE831F /* Debug */,
				CC562D8220F5001E00BE831F /* Release */,
			);
			defaultConfigurationIsVisible = 0;
			defaultConfigurationName = Release;
		};
		CC562D8320F5001E00BE831F /* Build configuration list for PBXNativeTarget "Memorable PlacesTests" */ = {
			isa = XCConfigurationList;
			buildConfigurations = (
				CC562D8420F5001E00BE831F /* Debug */,
				CC562D8520F5001E00BE831F /* Release */,
			);
			defaultConfigurationIsVisible = 0;
			defaultConfigurationName = Release;
		};
		CC562D8620F5001E00BE831F /* Build configuration list for PBXNativeTarget "Memorable PlacesUITests" */ = {
			isa = XCConfigurationList;
			buildConfigurations = (
				CC562D8720F5001E00BE831F /* Debug */,
				CC562D8820F5001E00BE831F /* Release */,
			);
			defaultConfigurationIsVisible = 0;
			defaultConfigurationName = Release;
		};
/* End XCConfigurationList section */
	};
	rootObject = CC562D5020F5001D00BE831F /* Project object */;
}
