// !$*UTF8*$!
{
	archiveVersion = 1;
	classes = {
	};
	objectVersion = 48;
	objects = {

/* Begin PBXBuildFile section */
		CC0B09D1206DB6A400294BD0 /* AppDelegate.swift in Sources */ = {isa = PBXBuildFile; fileRef = CC0B09D0206DB6A400294BD0 /* AppDelegate.swift */; };
		CC0B09D3206DB6A400294BD0 /* ViewController.swift in Sources */ = {isa = PBXBuildFile; fileRef = CC0B09D2206DB6A400294BD0 /* ViewController.swift */; };
		CC0B09D6206DB6A400294BD0 /* Main.storyboard in Resources */ = {isa = PBXBuildFile; fileRef = CC0B09D4206DB6A400294BD0 /* Main.storyboard */; };
		CC0B09D8206DB6A400294BD0 /* Assets.xcassets in Resources */ = {isa = PBXBuildFile; fileRef = CC0B09D7206DB6A400294BD0 /* Assets.xcassets */; };
		CC0B09DB206DB6A400294BD0 /* LaunchScreen.storyboard in Resources */ = {isa = PBXBuildFile; fileRef = CC0B09D9206DB6A400294BD0 /* LaunchScreen.storyboard */; };
		CC0B09E6206DB6A400294BD0 /* Times_TableTests.swift in Sources */ = {isa = PBXBuildFile; fileRef = CC0B09E5206DB6A400294BD0 /* Times_TableTests.swift */; };
		CC0B09F1206DB6A400294BD0 /* Times_TableUITests.swift in Sources */ = {isa = PBXBuildFile; fileRef = CC0B09F0206DB6A400294BD0 /* Times_TableUITests.swift */; };
/* End PBXBuildFile section */

/* Begin PBXContainerItemProxy section */
		CC0B09E2206DB6A400294BD0 /* PBXContainerItemProxy */ = {
			isa = PBXContainerItemProxy;
			containerPortal = CC0B09C5206DB6A300294BD0 /* Project object */;
			proxyType = 1;
			remoteGlobalIDString = CC0B09CC206DB6A400294BD0;
			remoteInfo = "Times Table";
		};
		CC0B09ED206DB6A400294BD0 /* PBXContainerItemProxy */ = {
			isa = PBXContainerItemProxy;
			containerPortal = CC0B09C5206DB6A300294BD0 /* Project object */;
			proxyType = 1;
			remoteGlobalIDString = CC0B09CC206DB6A400294BD0;
			remoteInfo = "Times Table";
		};
/* End PBXContainerItemProxy section */

/* Begin PBXFileReference section */
		CC0B09CD206DB6A400294BD0 /* Times Table.app */ = {isa = PBXFileReference; explicitFileType = wrapper.application; includeInIndex = 0; path = "Times Table.app"; sourceTree = BUILT_PRODUCTS_DIR; };
		CC0B09D0206DB6A400294BD0 /* AppDelegate.swift */ = {isa = PBXFileReference; lastKnownFileType = sourcecode.swift; path = AppDelegate.swift; sourceTree = "<group>"; };
		CC0B09D2206DB6A400294BD0 /* ViewController.swift */ = {isa = PBXFileReference; lastKnownFileType = sourcecode.swift; path = ViewController.swift; sourceTree = "<group>"; };
		CC0B09D5206DB6A400294BD0 /* Base */ = {isa = PBXFileReference; lastKnownFileType = file.storyboard; name = Base; path = Base.lproj/Main.storyboard; sourceTree = "<group>"; };
		CC0B09D7206DB6A400294BD0 /* Assets.xcassets */ = {isa = PBXFileReference; lastKnownFileType = folder.assetcatalog; path = Assets.xcassets; sourceTree = "<group>"; };
		CC0B09DA206DB6A400294BD0 /* Base */ = {isa = PBXFileReference; lastKnownFileType = file.storyboard; name = Base; path = Base.lproj/LaunchScreen.storyboard; sourceTree = "<group>"; };
		CC0B09DC206DB6A400294BD0 /* Info.plist */ = {isa = PBXFileReference; lastKnownFileType = text.plist.xml; path = Info.plist; sourceTree = "<group>"; };
		CC0B09E1206DB6A400294BD0 /* Times TableTests.xctest */ = {isa = PBXFileReference; explicitFileType = wrapper.cfbundle; includeInIndex = 0; path = "Times TableTests.xctest"; sourceTree = BUILT_PRODUCTS_DIR; };
		CC0B09E5206DB6A400294BD0 /* Times_TableTests.swift */ = {isa = PBXFileReference; lastKnownFileType = sourcecode.swift; path = Times_TableTests.swift; sourceTree = "<group>"; };
		CC0B09E7206DB6A400294BD0 /* Info.plist */ = {isa = PBXFileReference; lastKnownFileType = text.plist.xml; path = Info.plist; sourceTree = "<group>"; };
		CC0B09EC206DB6A400294BD0 /* Times TableUITests.xctest */ = {isa = PBXFileReference; explicitFileType = wrapper.cfbundle; includeInIndex = 0; path = "Times TableUITests.xctest"; sourceTree = BUILT_PRODUCTS_DIR; };
		CC0B09F0206DB6A400294BD0 /* Times_TableUITests.swift */ = {isa = PBXFileReference; lastKnownFileType = sourcecode.swift; path = Times_TableUITests.swift; sourceTree = "<group>"; };
		CC0B09F2206DB6A400294BD0 /* Info.plist */ = {isa = PBXFileReference; lastKnownFileType = text.plist.xml; path = Info.plist; sourceTree = "<group>"; };
/* End PBXFileReference section */

/* Begin PBXFrameworksBuildPhase section */
		CC0B09CA206DB6A400294BD0 /* Frameworks */ = {
			isa = PBXFrameworksBuildPhase;
			buildActionMask = 2147483647;
			files = (
			);
			runOnlyForDeploymentPostprocessing = 0;
		};
		CC0B09DE206DB6A400294BD0 /* Frameworks */ = {
			isa = PBXFrameworksBuildPhase;
			buildActionMask = 2147483647;
			files = (
			);
			runOnlyForDeploymentPostprocessing = 0;
		};
		CC0B09E9206DB6A400294BD0 /* Frameworks */ = {
			isa = PBXFrameworksBuildPhase;
			buildActionMask = 2147483647;
			files = (
			);
			runOnlyForDeploymentPostprocessing = 0;
		};
/* End PBXFrameworksBuildPhase section */

/* Begin PBXGroup section */
		CC0B09C4206DB6A300294BD0 = {
			isa = PBXGroup;
			children = (
				CC0B09CF206DB6A400294BD0 /* Times Table */,
				CC0B09E4206DB6A400294BD0 /* Times TableTests */,
				CC0B09EF206DB6A400294BD0 /* Times TableUITests */,
				CC0B09CE206DB6A400294BD0 /* Products */,
			);
			sourceTree = "<group>";
		};
		CC0B09CE206DB6A400294BD0 /* Products */ = {
			isa = PBXGroup;
			children = (
				CC0B09CD206DB6A400294BD0 /* Times Table.app */,
				CC0B09E1206DB6A400294BD0 /* Times TableTests.xctest */,
				CC0B09EC206DB6A400294BD0 /* Times TableUITests.xctest */,
			);
			name = Products;
			sourceTree = "<group>";
		};
		CC0B09CF206DB6A400294BD0 /* Times Table */ = {
			isa = PBXGroup;
			children = (
				CC0B09D0206DB6A400294BD0 /* AppDelegate.swift */,
				CC0B09D2206DB6A400294BD0 /* ViewController.swift */,
				CC0B09D4206DB6A400294BD0 /* Main.storyboard */,
				CC0B09D7206DB6A400294BD0 /* Assets.xcassets */,
				CC0B09D9206DB6A400294BD0 /* LaunchScreen.storyboard */,
				CC0B09DC206DB6A400294BD0 /* Info.plist */,
			);
			path = "Times Table";
			sourceTree = "<group>";
		};
		CC0B09E4206DB6A400294BD0 /* Times TableTests */ = {
			isa = PBXGroup;
			children = (
				CC0B09E5206DB6A400294BD0 /* Times_TableTests.swift */,
				CC0B09E7206DB6A400294BD0 /* Info.plist */,
			);
			path = "Times TableTests";
			sourceTree = "<group>";
		};
		CC0B09EF206DB6A400294BD0 /* Times TableUITests */ = {
			isa = PBXGroup;
			children = (
				CC0B09F0206DB6A400294BD0 /* Times_TableUITests.swift */,
				CC0B09F2206DB6A400294BD0 /* Info.plist */,
			);
			path = "Times TableUITests";
			sourceTree = "<group>";
		};
/* End PBXGroup section */

/* Begin PBXNativeTarget section */
		CC0B09CC206DB6A400294BD0 /* Times Table */ = {
			isa = PBXNativeTarget;
			buildConfigurationList = CC0B09F5206DB6A400294BD0 /* Build configuration list for PBXNativeTarget "Times Table" */;
			buildPhases = (
				CC0B09C9206DB6A400294BD0 /* Sources */,
				CC0B09CA206DB6A400294BD0 /* Frameworks */,
				CC0B09CB206DB6A400294BD0 /* Resources */,
			);
			buildRules = (
			);
			dependencies = (
			);
			name = "Times Table";
			productName = "Times Table";
			productReference = CC0B09CD206DB6A400294BD0 /* Times Table.app */;
			productType = "com.apple.product-type.application";
		};
		CC0B09E0206DB6A400294BD0 /* Times TableTests */ = {
			isa = PBXNativeTarget;
			buildConfigurationList = CC0B09F8206DB6A400294BD0 /* Build configuration list for PBXNativeTarget "Times TableTests" */;
			buildPhases = (
				CC0B09DD206DB6A400294BD0 /* Sources */,
				CC0B09DE206DB6A400294BD0 /* Frameworks */,
				CC0B09DF206DB6A400294BD0 /* Resources */,
			);
			buildRules = (
			);
			dependencies = (
				CC0B09E3206DB6A400294BD0 /* PBXTargetDependency */,
			);
			name = "Times TableTests";
			productName = "Times TableTests";
			productReference = CC0B09E1206DB6A400294BD0 /* Times TableTests.xctest */;
			productType = "com.apple.product-type.bundle.unit-test";
		};
		CC0B09EB206DB6A400294BD0 /* Times TableUITests */ = {
			isa = PBXNativeTarget;
			buildConfigurationList = CC0B09FB206DB6A400294BD0 /* Build configuration list for PBXNativeTarget "Times TableUITests" */;
			buildPhases = (
				CC0B09E8206DB6A400294BD0 /* Sources */,
				CC0B09E9206DB6A400294BD0 /* Frameworks */,
				CC0B09EA206DB6A400294BD0 /* Resources */,
			);
			buildRules = (
			);
			dependencies = (
				CC0B09EE206DB6A400294BD0 /* PBXTargetDependency */,
			);
			name = "Times TableUITests";
			productName = "Times TableUITests";
			productReference = CC0B09EC206DB6A400294BD0 /* Times TableUITests.xctest */;
			productType = "com.apple.product-type.bundle.ui-testing";
		};
/* End PBXNativeTarget section */

/* Begin PBXProject section */
		CC0B09C5206DB6A300294BD0 /* Project object */ = {
			isa = PBXProject;
			attributes = {
				LastSwiftUpdateCheck = 0920;
				LastUpgradeCheck = 0920;
				ORGANIZATIONNAME = "Sirfame Lin";
				TargetAttributes = {
					CC0B09CC206DB6A400294BD0 = {
						CreatedOnToolsVersion = 9.2;
						ProvisioningStyle = Automatic;
					};
					CC0B09E0206DB6A400294BD0 = {
						CreatedOnToolsVersion = 9.2;
						ProvisioningStyle = Automatic;
						TestTargetID = CC0B09CC206DB6A400294BD0;
					};
					CC0B09EB206DB6A400294BD0 = {
						CreatedOnToolsVersion = 9.2;
						ProvisioningStyle = Automatic;
						TestTargetID = CC0B09CC206DB6A400294BD0;
					};
				};
			};
			buildConfigurationList = CC0B09C8206DB6A300294BD0 /* Build configuration list for PBXProject "Times Table" */;
			compatibilityVersion = "Xcode 8.0";
			developmentRegion = en;
			hasScannedForEncodings = 0;
			knownRegions = (
				en,
				Base,
			);
			mainGroup = CC0B09C4206DB6A300294BD0;
			productRefGroup = CC0B09CE206DB6A400294BD0 /* Products */;
			projectDirPath = "";
			projectRoot = "";
			targets = (
				CC0B09CC206DB6A400294BD0 /* Times Table */,
				CC0B09E0206DB6A400294BD0 /* Times TableTests */,
				CC0B09EB206DB6A400294BD0 /* Times TableUITests */,
			);
		};
/* End PBXProject section */

/* Begin PBXResourcesBuildPhase section */
		CC0B09CB206DB6A400294BD0 /* Resources */ = {
			isa = PBXResourcesBuildPhase;
			buildActionMask = 2147483647;
			files = (
				CC0B09DB206DB6A400294BD0 /* LaunchScreen.storyboard in Resources */,
				CC0B09D8206DB6A400294BD0 /* Assets.xcassets in Resources */,
				CC0B09D6206DB6A400294BD0 /* Main.storyboard in Resources */,
			);
			runOnlyForDeploymentPostprocessing = 0;
		};
		CC0B09DF206DB6A400294BD0 /* Resources */ = {
			isa = PBXResourcesBuildPhase;
			buildActionMask = 2147483647;
			files = (
			);
			runOnlyForDeploymentPostprocessing = 0;
		};
		CC0B09EA206DB6A400294BD0 /* Resources */ = {
			isa = PBXResourcesBuildPhase;
			buildActionMask = 2147483647;
			files = (
			);
			runOnlyForDeploymentPostprocessing = 0;
		};
/* End PBXResourcesBuildPhase section */

/* Begin PBXSourcesBuildPhase section */
		CC0B09C9206DB6A400294BD0 /* Sources */ = {
			isa = PBXSourcesBuildPhase;
			buildActionMask = 2147483647;
			files = (
				CC0B09D3206DB6A400294BD0 /* ViewController.swift in Sources */,
				CC0B09D1206DB6A400294BD0 /* AppDelegate.swift in Sources */,
			);
			runOnlyForDeploymentPostprocessing = 0;
		};
		CC0B09DD206DB6A400294BD0 /* Sources */ = {
			isa = PBXSourcesBuildPhase;
			buildActionMask = 2147483647;
			files = (
				CC0B09E6206DB6A400294BD0 /* Times_TableTests.swift in Sources */,
			);
			runOnlyForDeploymentPostprocessing = 0;
		};
		CC0B09E8206DB6A400294BD0 /* Sources */ = {
			isa = PBXSourcesBuildPhase;
			buildActionMask = 2147483647;
			files = (
				CC0B09F1206DB6A400294BD0 /* Times_TableUITests.swift in Sources */,
			);
			runOnlyForDeploymentPostprocessing = 0;
		};
/* End PBXSourcesBuildPhase section */

/* Begin PBXTargetDependency section */
		CC0B09E3206DB6A400294BD0 /* PBXTargetDependency */ = {
			isa = PBXTargetDependency;
			target = CC0B09CC206DB6A400294BD0 /* Times Table */;
			targetProxy = CC0B09E2206DB6A400294BD0 /* PBXContainerItemProxy */;
		};
		CC0B09EE206DB6A400294BD0 /* PBXTargetDependency */ = {
			isa = PBXTargetDependency;
			target = CC0B09CC206DB6A400294BD0 /* Times Table */;
			targetProxy = CC0B09ED206DB6A400294BD0 /* PBXContainerItemProxy */;
		};
/* End PBXTargetDependency section */

/* Begin PBXVariantGroup section */
		CC0B09D4206DB6A400294BD0 /* Main.storyboard */ = {
			isa = PBXVariantGroup;
			children = (
				CC0B09D5206DB6A400294BD0 /* Base */,
			);
			name = Main.storyboard;
			sourceTree = "<group>";
		};
		CC0B09D9206DB6A400294BD0 /* LaunchScreen.storyboard */ = {
			isa = PBXVariantGroup;
			children = (
				CC0B09DA206DB6A400294BD0 /* Base */,
			);
			name = LaunchScreen.storyboard;
			sourceTree = "<group>";
		};
/* End PBXVariantGroup section */

/* Begin XCBuildConfiguration section */
		CC0B09F3206DB6A400294BD0 /* Debug */ = {
			isa = XCBuildConfiguration;
			buildSettings = {
				ALWAYS_SEARCH_USER_PATHS = NO;
				CLANG_ANALYZER_NONNULL = YES;
				CLANG_ANALYZER_NUMBER_OBJECT_CONVERSION = YES_AGGRESSIVE;
				CLANG_CXX_LANGUAGE_STANDARD = "gnu++14";
				CLANG_CXX_LIBRARY = "libc++";
				CLANG_ENABLE_MODULES = YES;
				CLANG_ENABLE_OBJC_ARC = YES;
				CLANG_WARN_BLOCK_CAPTURE_AUTORELEASING = YES;
				CLANG_WARN_BOOL_CONVERSION = YES;
				CLANG_WARN_COMMA = YES;
				CLANG_WARN_CONSTANT_CONVERSION = YES;
				CLANG_WARN_DIRECT_OBJC_ISA_USAGE = YES_ERROR;
				CLANG_WARN_DOCUMENTATION_COMMENTS = YES;
				CLANG_WARN_EMPTY_BODY = YES;
				CLANG_WARN_ENUM_CONVERSION = YES;
				CLANG_WARN_INFINITE_RECURSION = YES;
				CLANG_WARN_INT_CONVERSION = YES;
				CLANG_WARN_NON_LITERAL_NULL_CONVERSION = YES;
				CLANG_WARN_OBJC_LITERAL_CONVERSION = YES;
				CLANG_WARN_OBJC_ROOT_CLASS = YES_ERROR;
				CLANG_WARN_RANGE_LOOP_ANALYSIS = YES;
				CLANG_WARN_STRICT_PROTOTYPES = YES;
				CLANG_WARN_SUSPICIOUS_MOVE = YES;
				CLANG_WARN_UNGUARDED_AVAILABILITY = YES_AGGRESSIVE;
				CLANG_WARN_UNREACHABLE_CODE = YES;
				CLANG_WARN__DUPLICATE_METHOD_MATCH = YES;
				CODE_SIGN_IDENTITY = "iPhone Developer";
				COPY_PHASE_STRIP = NO;
				DEBUG_INFORMATION_FORMAT = dwarf;
				ENABLE_STRICT_OBJC_MSGSEND = YES;
				ENABLE_TESTABILITY = YES;
				GCC_C_LANGUAGE_STANDARD = gnu11;
				GCC_DYNAMIC_NO_PIC = NO;
				GCC_NO_COMMON_BLOCKS = YES;
				GCC_OPTIMIZATION_LEVEL = 0;
				GCC_PREPROCESSOR_DEFINITIONS = (
					"DEBUG=1",
					"$(inherited)",
				);
				GCC_WARN_64_TO_32_BIT_CONVERSION = YES;
				GCC_WARN_ABOUT_RETURN_TYPE = YES_ERROR;
				GCC_WARN_UNDECLARED_SELECTOR = YES;
				GCC_WARN_UNINITIALIZED_AUTOS = YES_AGGRESSIVE;
				GCC_WARN_UNUSED_FUNCTION = YES;
				GCC_WARN_UNUSED_VARIABLE = YES;
				IPHONEOS_DEPLOYMENT_TARGET = 11.2;
				MTL_ENABLE_DEBUG_INFO = YES;
				ONLY_ACTIVE_ARCH = YES;
				SDKROOT = iphoneos;
				SWIFT_ACTIVE_COMPILATION_CONDITIONS = DEBUG;
				SWIFT_OPTIMIZATION_LEVEL = "-Onone";
			};
			name = Debug;
		};
		CC0B09F4206DB6A400294BD0 /* Release */ = {
			isa = XCBuildConfiguration;
			buildSettings = {
				ALWAYS_SEARCH_USER_PATHS = NO;
				CLANG_ANALYZER_NONNULL = YES;
				CLANG_ANALYZER_NUMBER_OBJECT_CONVERSION = YES_AGGRESSIVE;
				CLANG_CXX_LANGUAGE_STANDARD = "gnu++14";
				CLANG_CXX_LIBRARY = "libc++";
				CLANG_ENABLE_MODULES = YES;
				CLANG_ENABLE_OBJC_ARC = YES;
				CLANG_WARN_BLOCK_CAPTURE_AUTORELEASING = YES;
				CLANG_WARN_BOOL_CONVERSION = YES;
				CLANG_WARN_COMMA = YES;
				CLANG_WARN_CONSTANT_CONVERSION = YES;
				CLANG_WARN_DIRECT_OBJC_ISA_USAGE = YES_ERROR;
				CLANG_WARN_DOCUMENTATION_COMMENTS = YES;
				CLANG_WARN_EMPTY_BODY = YES;
				CLANG_WARN_ENUM_CONVERSION = YES;
				CLANG_WARN_INFINITE_RECURSION = YES;
				CLANG_WARN_INT_CONVERSION = YES;
				CLANG_WARN_NON_LITERAL_NULL_CONVERSION = YES;
				CLANG_WARN_OBJC_LITERAL_CONVERSION = YES;
				CLANG_WARN_OBJC_ROOT_CLASS = YES_ERROR;
				CLANG_WARN_RANGE_LOOP_ANALYSIS = YES;
				CLANG_WARN_STRICT_PROTOTYPES = YES;
				CLANG_WARN_SUSPICIOUS_MOVE = YES;
				CLANG_WARN_UNGUARDED_AVAILABILITY = YES_AGGRESSIVE;
				CLANG_WARN_UNREACHABLE_CODE = YES;
				CLANG_WARN__DUPLICATE_METHOD_MATCH = YES;
				CODE_SIGN_IDENTITY = "iPhone Developer";
				COPY_PHASE_STRIP = NO;
				DEBUG_INFORMATION_FORMAT = "dwarf-with-dsym";
				ENABLE_NS_ASSERTIONS = NO;
				ENABLE_STRICT_OBJC_MSGSEND = YES;
				GCC_C_LANGUAGE_STANDARD = gnu11;
				GCC_NO_COMMON_BLOCKS = YES;
				GCC_WARN_64_TO_32_BIT_CONVERSION = YES;
				GCC_WARN_ABOUT_RETURN_TYPE = YES_ERROR;
				GCC_WARN_UNDECLARED_SELECTOR = YES;
				GCC_WARN_UNINITIALIZED_AUTOS = YES_AGGRESSIVE;
				GCC_WARN_UNUSED_FUNCTION = YES;
				GCC_WARN_UNUSED_VARIABLE = YES;
				IPHONEOS_DEPLOYMENT_TARGET = 11.2;
				MTL_ENABLE_DEBUG_INFO = NO;
				SDKROOT = iphoneos;
				SWIFT_OPTIMIZATION_LEVEL = "-Owholemodule";
				VALIDATE_PRODUCT = YES;
			};
			name = Release;
		};
		CC0B09F6206DB6A400294BD0 /* Debug */ = {
			isa = XCBuildConfiguration;
			buildSettings = {
				ASSETCATALOG_COMPILER_APPICON_NAME = AppIcon;
				CODE_SIGN_STYLE = Automatic;
				DEVELOPMENT_TEAM = 3R62Y6D2FA;
				INFOPLIST_FILE = "Times Table/Info.plist";
				LD_RUNPATH_SEARCH_PATHS = "$(inherited) @executable_path/Frameworks";
				PRODUCT_BUNDLE_IDENTIFIER = "com.sirfame.Times-Table";
				PRODUCT_NAME = "$(TARGET_NAME)";
				SWIFT_VERSION = 4.0;
				TARGETED_DEVICE_FAMILY = "1,2";
			};
			name = Debug;
		};
		CC0B09F7206DB6A400294BD0 /* Release */ = {
			isa = XCBuildConfiguration;
			buildSettings = {
				ASSETCATALOG_COMPILER_APPICON_NAME = AppIcon;
				CODE_SIGN_STYLE = Automatic;
				DEVELOPMENT_TEAM = 3R62Y6D2FA;
				INFOPLIST_FILE = "Times Table/Info.plist";
				LD_RUNPATH_SEARCH_PATHS = "$(inherited) @executable_path/Frameworks";
				PRODUCT_BUNDLE_IDENTIFIER = "com.sirfame.Times-Table";
				PRODUCT_NAME = "$(TARGET_NAME)";
				SWIFT_VERSION = 4.0;
				TARGETED_DEVICE_FAMILY = "1,2";
			};
			name = Release;
		};
		CC0B09F9206DB6A400294BD0 /* Debug */ = {
			isa = XCBuildConfiguration;
			buildSettings = {
				ALWAYS_EMBED_SWIFT_STANDARD_LIBRARIES = YES;
				BUNDLE_LOADER = "$(TEST_HOST)";
				CODE_SIGN_STYLE = Automatic;
				DEVELOPMENT_TEAM = 3R62Y6D2FA;
				INFOPLIST_FILE = "Times TableTests/Info.plist";
				LD_RUNPATH_SEARCH_PATHS = "$(inherited) @executable_path/Frameworks @loader_path/Frameworks";
				PRODUCT_BUNDLE_IDENTIFIER = "com.sirfame.Times-TableTests";
				PRODUCT_NAME = "$(TARGET_NAME)";
				SWIFT_VERSION = 4.0;
				TARGETED_DEVICE_FAMILY = "1,2";
				TEST_HOST = "$(BUILT_PRODUCTS_DIR)/Times Table.app/Times Table";
			};
			name = Debug;
		};
		CC0B09FA206DB6A400294BD0 /* Release */ = {
			isa = XCBuildConfiguration;
			buildSettings = {
				ALWAYS_EMBED_SWIFT_STANDARD_LIBRARIES = YES;
				BUNDLE_LOADER = "$(TEST_HOST)";
				CODE_SIGN_STYLE = Automatic;
				DEVELOPMENT_TEAM = 3R62Y6D2FA;
				INFOPLIST_FILE = "Times TableTests/Info.plist";
				LD_RUNPATH_SEARCH_PATHS = "$(inherited) @executable_path/Frameworks @loader_path/Frameworks";
				PRODUCT_BUNDLE_IDENTIFIER = "com.sirfame.Times-TableTests";
				PRODUCT_NAME = "$(TARGET_NAME)";
				SWIFT_VERSION = 4.0;
				TARGETED_DEVICE_FAMILY = "1,2";
				TEST_HOST = "$(BUILT_PRODUCTS_DIR)/Times Table.app/Times Table";
			};
			name = Release;
		};
		CC0B09FC206DB6A400294BD0 /* Debug */ = {
			isa = XCBuildConfiguration;
			buildSettings = {
				ALWAYS_EMBED_SWIFT_STANDARD_LIBRARIES = YES;
				CODE_SIGN_STYLE = Automatic;
				DEVELOPMENT_TEAM = 3R62Y6D2FA;
				INFOPLIST_FILE = "Times TableUITests/Info.plist";
				LD_RUNPATH_SEARCH_PATHS = "$(inherited) @executable_path/Frameworks @loader_path/Frameworks";
				PRODUCT_BUNDLE_IDENTIFIER = "com.sirfame.Times-TableUITests";
				PRODUCT_NAME = "$(TARGET_NAME)";
				SWIFT_VERSION = 4.0;
				TARGETED_DEVICE_FAMILY = "1,2";
				TEST_TARGET_NAME = "Times Table";
			};
			name = Debug;
		};
		CC0B09FD206DB6A400294BD0 /* Release */ = {
			isa = XCBuildConfiguration;
			buildSettings = {
				ALWAYS_EMBED_SWIFT_STANDARD_LIBRARIES = YES;
				CODE_SIGN_STYLE = Automatic;
				DEVELOPMENT_TEAM = 3R62Y6D2FA;
				INFOPLIST_FILE = "Times TableUITests/Info.plist";
				LD_RUNPATH_SEARCH_PATHS = "$(inherited) @executable_path/Frameworks @loader_path/Frameworks";
				PRODUCT_BUNDLE_IDENTIFIER = "com.sirfame.Times-TableUITests";
				PRODUCT_NAME = "$(TARGET_NAME)";
				SWIFT_VERSION = 4.0;
				TARGETED_DEVICE_FAMILY = "1,2";
				TEST_TARGET_NAME = "Times Table";
			};
			name = Release;
		};
/* End XCBuildConfiguration section */

/* Begin XCConfigurationList section */
		CC0B09C8206DB6A300294BD0 /* Build configuration list for PBXProject "Times Table" */ = {
			isa = XCConfigurationList;
			buildConfigurations = (
				CC0B09F3206DB6A400294BD0 /* Debug */,
				CC0B09F4206DB6A400294BD0 /* Release */,
			);
			defaultConfigurationIsVisible = 0;
			defaultConfigurationName = Release;
		};
		CC0B09F5206DB6A400294BD0 /* Build configuration list for PBXNativeTarget "Times Table" */ = {
			isa = XCConfigurationList;
			buildConfigurations = (
				CC0B09F6206DB6A400294BD0 /* Debug */,
				CC0B09F7206DB6A400294BD0 /* Release */,
			);
			defaultConfigurationIsVisible = 0;
			defaultConfigurationName = Release;
		};
		CC0B09F8206DB6A400294BD0 /* Build configuration list for PBXNativeTarget "Times TableTests" */ = {
			isa = XCConfigurationList;
			buildConfigurations = (
				CC0B09F9206DB6A400294BD0 /* Debug */,
				CC0B09FA206DB6A400294BD0 /* Release */,
			);
			defaultConfigurationIsVisible = 0;
			defaultConfigurationName = Release;
		};
		CC0B09FB206DB6A400294BD0 /* Build configuration list for PBXNativeTarget "Times TableUITests" */ = {
			isa = XCConfigurationList;
			buildConfigurations = (
				CC0B09FC206DB6A400294BD0 /* Debug */,
				CC0B09FD206DB6A400294BD0 /* Release */,
			);
			defaultConfigurationIsVisible = 0;
			defaultConfigurationName = Release;
		};
/* End XCConfigurationList section */
	};
	rootObject = CC0B09C5206DB6A300294BD0 /* Project object */;
}
