// !$*UTF8*$!
{
	archiveVersion = 1;
	classes = {
	};
	objectVersion = 48;
	objects = {

/* Begin PBXBuildFile section */
		CC0B0ABB206F26DC00294BD0 /* AppDelegate.swift in Sources */ = {isa = PBXBuildFile; fileRef = CC0B0ABA206F26DC00294BD0 /* AppDelegate.swift */; };
		CC0B0ABD206F26DC00294BD0 /* ViewController.swift in Sources */ = {isa = PBXBuildFile; fileRef = CC0B0ABC206F26DC00294BD0 /* ViewController.swift */; };
		CC0B0AC0206F26DC00294BD0 /* Main.storyboard in Resources */ = {isa = PBXBuildFile; fileRef = CC0B0ABE206F26DC00294BD0 /* Main.storyboard */; };
		CC0B0AC2206F26DC00294BD0 /* Assets.xcassets in Resources */ = {isa = PBXBuildFile; fileRef = CC0B0AC1206F26DC00294BD0 /* Assets.xcassets */; };
		CC0B0AC5206F26DC00294BD0 /* LaunchScreen.storyboard in Resources */ = {isa = PBXBuildFile; fileRef = CC0B0AC3206F26DC00294BD0 /* LaunchScreen.storyboard */; };
		CC0B0AD0206F26DC00294BD0 /* Controlling_the_KeyboardTests.swift in Sources */ = {isa = PBXBuildFile; fileRef = CC0B0ACF206F26DC00294BD0 /* Controlling_the_KeyboardTests.swift */; };
		CC0B0ADB206F26DC00294BD0 /* Controlling_the_KeyboardUITests.swift in Sources */ = {isa = PBXBuildFile; fileRef = CC0B0ADA206F26DC00294BD0 /* Controlling_the_KeyboardUITests.swift */; };
/* End PBXBuildFile section */

/* Begin PBXContainerItemProxy section */
		CC0B0ACC206F26DC00294BD0 /* PBXContainerItemProxy */ = {
			isa = PBXContainerItemProxy;
			containerPortal = CC0B0AAF206F26DC00294BD0 /* Project object */;
			proxyType = 1;
			remoteGlobalIDString = CC0B0AB6206F26DC00294BD0;
			remoteInfo = "Controlling the Keyboard";
		};
		CC0B0AD7206F26DC00294BD0 /* PBXContainerItemProxy */ = {
			isa = PBXContainerItemProxy;
			containerPortal = CC0B0AAF206F26DC00294BD0 /* Project object */;
			proxyType = 1;
			remoteGlobalIDString = CC0B0AB6206F26DC00294BD0;
			remoteInfo = "Controlling the Keyboard";
		};
/* End PBXContainerItemProxy section */

/* Begin PBXFileReference section */
		CC0B0AB7206F26DC00294BD0 /* Controlling the Keyboard.app */ = {isa = PBXFileReference; explicitFileType = wrapper.application; includeInIndex = 0; path = "Controlling the Keyboard.app"; sourceTree = BUILT_PRODUCTS_DIR; };
		CC0B0ABA206F26DC00294BD0 /* AppDelegate.swift */ = {isa = PBXFileReference; lastKnownFileType = sourcecode.swift; path = AppDelegate.swift; sourceTree = "<group>"; };
		CC0B0ABC206F26DC00294BD0 /* ViewController.swift */ = {isa = PBXFileReference; lastKnownFileType = sourcecode.swift; path = ViewController.swift; sourceTree = "<group>"; };
		CC0B0ABF206F26DC00294BD0 /* Base */ = {isa = PBXFileReference; lastKnownFileType = file.storyboard; name = Base; path = Base.lproj/Main.storyboard; sourceTree = "<group>"; };
		CC0B0AC1206F26DC00294BD0 /* Assets.xcassets */ = {isa = PBXFileReference; lastKnownFileType = folder.assetcatalog; path = Assets.xcassets; sourceTree = "<group>"; };
		CC0B0AC4206F26DC00294BD0 /* Base */ = {isa = PBXFileReference; lastKnownFileType = file.storyboard; name = Base; path = Base.lproj/LaunchScreen.storyboard; sourceTree = "<group>"; };
		CC0B0AC6206F26DC00294BD0 /* Info.plist */ = {isa = PBXFileReference; lastKnownFileType = text.plist.xml; path = Info.plist; sourceTree = "<group>"; };
		CC0B0ACB206F26DC00294BD0 /* Controlling the KeyboardTests.xctest */ = {isa = PBXFileReference; explicitFileType = wrapper.cfbundle; includeInIndex = 0; path = "Controlling the KeyboardTests.xctest"; sourceTree = BUILT_PRODUCTS_DIR; };
		CC0B0ACF206F26DC00294BD0 /* Controlling_the_KeyboardTests.swift */ = {isa = PBXFileReference; lastKnownFileType = sourcecode.swift; path = Controlling_the_KeyboardTests.swift; sourceTree = "<group>"; };
		CC0B0AD1206F26DC00294BD0 /* Info.plist */ = {isa = PBXFileReference; lastKnownFileType = text.plist.xml; path = Info.plist; sourceTree = "<group>"; };
		CC0B0AD6206F26DC00294BD0 /* Controlling the KeyboardUITests.xctest */ = {isa = PBXFileReference; explicitFileType = wrapper.cfbundle; includeInIndex = 0; path = "Controlling the KeyboardUITests.xctest"; sourceTree = BUILT_PRODUCTS_DIR; };
		CC0B0ADA206F26DC00294BD0 /* Controlling_the_KeyboardUITests.swift */ = {isa = PBXFileReference; lastKnownFileType = sourcecode.swift; path = Controlling_the_KeyboardUITests.swift; sourceTree = "<group>"; };
		CC0B0ADC206F26DC00294BD0 /* Info.plist */ = {isa = PBXFileReference; lastKnownFileType = text.plist.xml; path = Info.plist; sourceTree = "<group>"; };
/* End PBXFileReference section */

/* Begin PBXFrameworksBuildPhase section */
		CC0B0AB4206F26DC00294BD0 /* Frameworks */ = {
			isa = PBXFrameworksBuildPhase;
			buildActionMask = 2147483647;
			files = (
			);
			runOnlyForDeploymentPostprocessing = 0;
		};
		CC0B0AC8206F26DC00294BD0 /* Frameworks */ = {
			isa = PBXFrameworksBuildPhase;
			buildActionMask = 2147483647;
			files = (
			);
			runOnlyForDeploymentPostprocessing = 0;
		};
		CC0B0AD3206F26DC00294BD0 /* Frameworks */ = {
			isa = PBXFrameworksBuildPhase;
			buildActionMask = 2147483647;
			files = (
			);
			runOnlyForDeploymentPostprocessing = 0;
		};
/* End PBXFrameworksBuildPhase section */

/* Begin PBXGroup section */
		CC0B0AAE206F26DC00294BD0 = {
			isa = PBXGroup;
			children = (
				CC0B0AB9206F26DC00294BD0 /* Controlling the Keyboard */,
				CC0B0ACE206F26DC00294BD0 /* Controlling the KeyboardTests */,
				CC0B0AD9206F26DC00294BD0 /* Controlling the KeyboardUITests */,
				CC0B0AB8206F26DC00294BD0 /* Products */,
			);
			sourceTree = "<group>";
		};
		CC0B0AB8206F26DC00294BD0 /* Products */ = {
			isa = PBXGroup;
			children = (
				CC0B0AB7206F26DC00294BD0 /* Controlling the Keyboard.app */,
				CC0B0ACB206F26DC00294BD0 /* Controlling the KeyboardTests.xctest */,
				CC0B0AD6206F26DC00294BD0 /* Controlling the KeyboardUITests.xctest */,
			);
			name = Products;
			sourceTree = "<group>";
		};
		CC0B0AB9206F26DC00294BD0 /* Controlling the Keyboard */ = {
			isa = PBXGroup;
			children = (
				CC0B0ABA206F26DC00294BD0 /* AppDelegate.swift */,
				CC0B0ABC206F26DC00294BD0 /* ViewController.swift */,
				CC0B0ABE206F26DC00294BD0 /* Main.storyboard */,
				CC0B0AC1206F26DC00294BD0 /* Assets.xcassets */,
				CC0B0AC3206F26DC00294BD0 /* LaunchScreen.storyboard */,
				CC0B0AC6206F26DC00294BD0 /* Info.plist */,
			);
			path = "Controlling the Keyboard";
			sourceTree = "<group>";
		};
		CC0B0ACE206F26DC00294BD0 /* Controlling the KeyboardTests */ = {
			isa = PBXGroup;
			children = (
				CC0B0ACF206F26DC00294BD0 /* Controlling_the_KeyboardTests.swift */,
				CC0B0AD1206F26DC00294BD0 /* Info.plist */,
			);
			path = "Controlling the KeyboardTests";
			sourceTree = "<group>";
		};
		CC0B0AD9206F26DC00294BD0 /* Controlling the KeyboardUITests */ = {
			isa = PBXGroup;
			children = (
				CC0B0ADA206F26DC00294BD0 /* Controlling_the_KeyboardUITests.swift */,
				CC0B0ADC206F26DC00294BD0 /* Info.plist */,
			);
			path = "Controlling the KeyboardUITests";
			sourceTree = "<group>";
		};
/* End PBXGroup section */

/* Begin PBXNativeTarget section */
		CC0B0AB6206F26DC00294BD0 /* Controlling the Keyboard */ = {
			isa = PBXNativeTarget;
			buildConfigurationList = CC0B0ADF206F26DC00294BD0 /* Build configuration list for PBXNativeTarget "Controlling the Keyboard" */;
			buildPhases = (
				CC0B0AB3206F26DC00294BD0 /* Sources */,
				CC0B0AB4206F26DC00294BD0 /* Frameworks */,
				CC0B0AB5206F26DC00294BD0 /* Resources */,
			);
			buildRules = (
			);
			dependencies = (
			);
			name = "Controlling the Keyboard";
			productName = "Controlling the Keyboard";
			productReference = CC0B0AB7206F26DC00294BD0 /* Controlling the Keyboard.app */;
			productType = "com.apple.product-type.application";
		};
		CC0B0ACA206F26DC00294BD0 /* Controlling the KeyboardTests */ = {
			isa = PBXNativeTarget;
			buildConfigurationList = CC0B0AE2206F26DC00294BD0 /* Build configuration list for PBXNativeTarget "Controlling the KeyboardTests" */;
			buildPhases = (
				CC0B0AC7206F26DC00294BD0 /* Sources */,
				CC0B0AC8206F26DC00294BD0 /* Frameworks */,
				CC0B0AC9206F26DC00294BD0 /* Resources */,
			);
			buildRules = (
			);
			dependencies = (
				CC0B0ACD206F26DC00294BD0 /* PBXTargetDependency */,
			);
			name = "Controlling the KeyboardTests";
			productName = "Controlling the KeyboardTests";
			productReference = CC0B0ACB206F26DC00294BD0 /* Controlling the KeyboardTests.xctest */;
			productType = "com.apple.product-type.bundle.unit-test";
		};
		CC0B0AD5206F26DC00294BD0 /* Controlling the KeyboardUITests */ = {
			isa = PBXNativeTarget;
			buildConfigurationList = CC0B0AE5206F26DC00294BD0 /* Build configuration list for PBXNativeTarget "Controlling the KeyboardUITests" */;
			buildPhases = (
				CC0B0AD2206F26DC00294BD0 /* Sources */,
				CC0B0AD3206F26DC00294BD0 /* Frameworks */,
				CC0B0AD4206F26DC00294BD0 /* Resources */,
			);
			buildRules = (
			);
			dependencies = (
				CC0B0AD8206F26DC00294BD0 /* PBXTargetDependency */,
			);
			name = "Controlling the KeyboardUITests";
			productName = "Controlling the KeyboardUITests";
			productReference = CC0B0AD6206F26DC00294BD0 /* Controlling the KeyboardUITests.xctest */;
			productType = "com.apple.product-type.bundle.ui-testing";
		};
/* End PBXNativeTarget section */

/* Begin PBXProject section */
		CC0B0AAF206F26DC00294BD0 /* Project object */ = {
			isa = PBXProject;
			attributes = {
				LastSwiftUpdateCheck = 0920;
				LastUpgradeCheck = 0920;
				ORGANIZATIONNAME = "Sirfame Lin";
				TargetAttributes = {
					CC0B0AB6206F26DC00294BD0 = {
						CreatedOnToolsVersion = 9.2;
						ProvisioningStyle = Automatic;
					};
					CC0B0ACA206F26DC00294BD0 = {
						CreatedOnToolsVersion = 9.2;
						ProvisioningStyle = Automatic;
						TestTargetID = CC0B0AB6206F26DC00294BD0;
					};
					CC0B0AD5206F26DC00294BD0 = {
						CreatedOnToolsVersion = 9.2;
						ProvisioningStyle = Automatic;
						TestTargetID = CC0B0AB6206F26DC00294BD0;
					};
				};
			};
			buildConfigurationList = CC0B0AB2206F26DC00294BD0 /* Build configuration list for PBXProject "Controlling the Keyboard" */;
			compatibilityVersion = "Xcode 8.0";
			developmentRegion = en;
			hasScannedForEncodings = 0;
			knownRegions = (
				en,
				Base,
			);
			mainGroup = CC0B0AAE206F26DC00294BD0;
			productRefGroup = CC0B0AB8206F26DC00294BD0 /* Products */;
			projectDirPath = "";
			projectRoot = "";
			targets = (
				CC0B0AB6206F26DC00294BD0 /* Controlling the Keyboard */,
				CC0B0ACA206F26DC00294BD0 /* Controlling the KeyboardTests */,
				CC0B0AD5206F26DC00294BD0 /* Controlling the KeyboardUITests */,
			);
		};
/* End PBXProject section */

/* Begin PBXResourcesBuildPhase section */
		CC0B0AB5206F26DC00294BD0 /* Resources */ = {
			isa = PBXResourcesBuildPhase;
			buildActionMask = 2147483647;
			files = (
				CC0B0AC5206F26DC00294BD0 /* LaunchScreen.storyboard in Resources */,
				CC0B0AC2206F26DC00294BD0 /* Assets.xcassets in Resources */,
				CC0B0AC0206F26DC00294BD0 /* Main.storyboard in Resources */,
			);
			runOnlyForDeploymentPostprocessing = 0;
		};
		CC0B0AC9206F26DC00294BD0 /* Resources */ = {
			isa = PBXResourcesBuildPhase;
			buildActionMask = 2147483647;
			files = (
			);
			runOnlyForDeploymentPostprocessing = 0;
		};
		CC0B0AD4206F26DC00294BD0 /* Resources */ = {
			isa = PBXResourcesBuildPhase;
			buildActionMask = 2147483647;
			files = (
			);
			runOnlyForDeploymentPostprocessing = 0;
		};
/* End PBXResourcesBuildPhase section */

/* Begin PBXSourcesBuildPhase section */
		CC0B0AB3206F26DC00294BD0 /* Sources */ = {
			isa = PBXSourcesBuildPhase;
			buildActionMask = 2147483647;
			files = (
				CC0B0ABD206F26DC00294BD0 /* ViewController.swift in Sources */,
				CC0B0ABB206F26DC00294BD0 /* AppDelegate.swift in Sources */,
			);
			runOnlyForDeploymentPostprocessing = 0;
		};
		CC0B0AC7206F26DC00294BD0 /* Sources */ = {
			isa = PBXSourcesBuildPhase;
			buildActionMask = 2147483647;
			files = (
				CC0B0AD0206F26DC00294BD0 /* Controlling_the_KeyboardTests.swift in Sources */,
			);
			runOnlyForDeploymentPostprocessing = 0;
		};
		CC0B0AD2206F26DC00294BD0 /* Sources */ = {
			isa = PBXSourcesBuildPhase;
			buildActionMask = 2147483647;
			files = (
				CC0B0ADB206F26DC00294BD0 /* Controlling_the_KeyboardUITests.swift in Sources */,
			);
			runOnlyForDeploymentPostprocessing = 0;
		};
/* End PBXSourcesBuildPhase section */

/* Begin PBXTargetDependency section */
		CC0B0ACD206F26DC00294BD0 /* PBXTargetDependency */ = {
			isa = PBXTargetDependency;
			target = CC0B0AB6206F26DC00294BD0 /* Controlling the Keyboard */;
			targetProxy = CC0B0ACC206F26DC00294BD0 /* PBXContainerItemProxy */;
		};
		CC0B0AD8206F26DC00294BD0 /* PBXTargetDependency */ = {
			isa = PBXTargetDependency;
			target = CC0B0AB6206F26DC00294BD0 /* Controlling the Keyboard */;
			targetProxy = CC0B0AD7206F26DC00294BD0 /* PBXContainerItemProxy */;
		};
/* End PBXTargetDependency section */

/* Begin PBXVariantGroup section */
		CC0B0ABE206F26DC00294BD0 /* Main.storyboard */ = {
			isa = PBXVariantGroup;
			children = (
				CC0B0ABF206F26DC00294BD0 /* Base */,
			);
			name = Main.storyboard;
			sourceTree = "<group>";
		};
		CC0B0AC3206F26DC00294BD0 /* LaunchScreen.storyboard */ = {
			isa = PBXVariantGroup;
			children = (
				CC0B0AC4206F26DC00294BD0 /* Base */,
			);
			name = LaunchScreen.storyboard;
			sourceTree = "<group>";
		};
/* End PBXVariantGroup section */

/* Begin XCBuildConfiguration section */
		CC0B0ADD206F26DC00294BD0 /* Debug */ = {
			isa = XCBuildConfiguration;
			buildSettings = {
				ALWAYS_SEARCH_USER_PATHS = NO;
				CLANG_ANALYZER_NONNULL = YES;
				CLANG_ANALYZER_NUMBER_OBJECT_CONVERSION = YES_AGGRESSIVE;
				CLANG_CXX_LANGUAGE_STANDARD = "gnu++14";
				CLANG_CXX_LIBRARY = "libc++";
				CLANG_ENABLE_MODULES = YES;
				CLANG_ENABLE_OBJC_ARC = YES;
				CLANG_WARN_BLOCK_CAPTURE_AUTORELEASING = YES;
				CLANG_WARN_BOOL_CONVERSION = YES;
				CLANG_WARN_COMMA = YES;
				CLANG_WARN_CONSTANT_CONVERSION = YES;
				CLANG_WARN_DIRECT_OBJC_ISA_USAGE = YES_ERROR;
				CLANG_WARN_DOCUMENTATION_COMMENTS = YES;
				CLANG_WARN_EMPTY_BODY = YES;
				CLANG_WARN_ENUM_CONVERSION = YES;
				CLANG_WARN_INFINITE_RECURSION = YES;
				CLANG_WARN_INT_CONVERSION = YES;
				CLANG_WARN_NON_LITERAL_NULL_CONVERSION = YES;
				CLANG_WARN_OBJC_LITERAL_CONVERSION = YES;
				CLANG_WARN_OBJC_ROOT_CLASS = YES_ERROR;
				CLANG_WARN_RANGE_LOOP_ANALYSIS = YES;
				CLANG_WARN_STRICT_PROTOTYPES = YES;
				CLANG_WARN_SUSPICIOUS_MOVE = YES;
				CLANG_WARN_UNGUARDED_AVAILABILITY = YES_AGGRESSIVE;
				CLANG_WARN_UNREACHABLE_CODE = YES;
				CLANG_WARN__DUPLICATE_METHOD_MATCH = YES;
				CODE_SIGN_IDENTITY = "iPhone Developer";
				COPY_PHASE_STRIP = NO;
				DEBUG_INFORMATION_FORMAT = dwarf;
				ENABLE_STRICT_OBJC_MSGSEND = YES;
				ENABLE_TESTABILITY = YES;
				GCC_C_LANGUAGE_STANDARD = gnu11;
				GCC_DYNAMIC_NO_PIC = NO;
				GCC_NO_COMMON_BLOCKS = YES;
				GCC_OPTIMIZATION_LEVEL = 0;
				GCC_PREPROCESSOR_DEFINITIONS = (
					"DEBUG=1",
					"$(inherited)",
				);
				GCC_WARN_64_TO_32_BIT_CONVERSION = YES;
				GCC_WARN_ABOUT_RETURN_TYPE = YES_ERROR;
				GCC_WARN_UNDECLARED_SELECTOR = YES;
				GCC_WARN_UNINITIALIZED_AUTOS = YES_AGGRESSIVE;
				GCC_WARN_UNUSED_FUNCTION = YES;
				GCC_WARN_UNUSED_VARIABLE = YES;
				IPHONEOS_DEPLOYMENT_TARGET = 11.2;
				MTL_ENABLE_DEBUG_INFO = YES;
				ONLY_ACTIVE_ARCH = YES;
				SDKROOT = iphoneos;
				SWIFT_ACTIVE_COMPILATION_CONDITIONS = DEBUG;
				SWIFT_OPTIMIZATION_LEVEL = "-Onone";
			};
			name = Debug;
		};
		CC0B0ADE206F26DC00294BD0 /* Release */ = {
			isa = XCBuildConfiguration;
			buildSettings = {
				ALWAYS_SEARCH_USER_PATHS = NO;
				CLANG_ANALYZER_NONNULL = YES;
				CLANG_ANALYZER_NUMBER_OBJECT_CONVERSION = YES_AGGRESSIVE;
				CLANG_CXX_LANGUAGE_STANDARD = "gnu++14";
				CLANG_CXX_LIBRARY = "libc++";
				CLANG_ENABLE_MODULES = YES;
				CLANG_ENABLE_OBJC_ARC = YES;
				CLANG_WARN_BLOCK_CAPTURE_AUTORELEASING = YES;
				CLANG_WARN_BOOL_CONVERSION = YES;
				CLANG_WARN_COMMA = YES;
				CLANG_WARN_CONSTANT_CONVERSION = YES;
				CLANG_WARN_DIRECT_OBJC_ISA_USAGE = YES_ERROR;
				CLANG_WARN_DOCUMENTATION_COMMENTS = YES;
				CLANG_WARN_EMPTY_BODY = YES;
				CLANG_WARN_ENUM_CONVERSION = YES;
				CLANG_WARN_INFINITE_RECURSION = YES;
				CLANG_WARN_INT_CONVERSION = YES;
				CLANG_WARN_NON_LITERAL_NULL_CONVERSION = YES;
				CLANG_WARN_OBJC_LITERAL_CONVERSION = YES;
				CLANG_WARN_OBJC_ROOT_CLASS = YES_ERROR;
				CLANG_WARN_RANGE_LOOP_ANALYSIS = YES;
				CLANG_WARN_STRICT_PROTOTYPES = YES;
				CLANG_WARN_SUSPICIOUS_MOVE = YES;
				CLANG_WARN_UNGUARDED_AVAILABILITY = YES_AGGRESSIVE;
				CLANG_WARN_UNREACHABLE_CODE = YES;
				CLANG_WARN__DUPLICATE_METHOD_MATCH = YES;
				CODE_SIGN_IDENTITY = "iPhone Developer";
				COPY_PHASE_STRIP = NO;
				DEBUG_INFORMATION_FORMAT = "dwarf-with-dsym";
				ENABLE_NS_ASSERTIONS = NO;
				ENABLE_STRICT_OBJC_MSGSEND = YES;
				GCC_C_LANGUAGE_STANDARD = gnu11;
				GCC_NO_COMMON_BLOCKS = YES;
				GCC_WARN_64_TO_32_BIT_CONVERSION = YES;
				GCC_WARN_ABOUT_RETURN_TYPE = YES_ERROR;
				GCC_WARN_UNDECLARED_SELECTOR = YES;
				GCC_WARN_UNINITIALIZED_AUTOS = YES_AGGRESSIVE;
				GCC_WARN_UNUSED_FUNCTION = YES;
				GCC_WARN_UNUSED_VARIABLE = YES;
				IPHONEOS_DEPLOYMENT_TARGET = 11.2;
				MTL_ENABLE_DEBUG_INFO = NO;
				SDKROOT = iphoneos;
				SWIFT_OPTIMIZATION_LEVEL = "-Owholemodule";
				VALIDATE_PRODUCT = YES;
			};
			name = Release;
		};
		CC0B0AE0206F26DC00294BD0 /* Debug */ = {
			isa = XCBuildConfiguration;
			buildSettings = {
				ASSETCATALOG_COMPILER_APPICON_NAME = AppIcon;
				CODE_SIGN_STYLE = Automatic;
				DEVELOPMENT_TEAM = 3R62Y6D2FA;
				INFOPLIST_FILE = "Controlling the Keyboard/Info.plist";
				LD_RUNPATH_SEARCH_PATHS = "$(inherited) @executable_path/Frameworks";
				PRODUCT_BUNDLE_IDENTIFIER = "com.sirfame.Controlling-the-Keyboard";
				PRODUCT_NAME = "$(TARGET_NAME)";
				SWIFT_VERSION = 4.0;
				TARGETED_DEVICE_FAMILY = "1,2";
			};
			name = Debug;
		};
		CC0B0AE1206F26DC00294BD0 /* Release */ = {
			isa = XCBuildConfiguration;
			buildSettings = {
				ASSETCATALOG_COMPILER_APPICON_NAME = AppIcon;
				CODE_SIGN_STYLE = Automatic;
				DEVELOPMENT_TEAM = 3R62Y6D2FA;
				INFOPLIST_FILE = "Controlling the Keyboard/Info.plist";
				LD_RUNPATH_SEARCH_PATHS = "$(inherited) @executable_path/Frameworks";
				PRODUCT_BUNDLE_IDENTIFIER = "com.sirfame.Controlling-the-Keyboard";
				PRODUCT_NAME = "$(TARGET_NAME)";
				SWIFT_VERSION = 4.0;
				TARGETED_DEVICE_FAMILY = "1,2";
			};
			name = Release;
		};
		CC0B0AE3206F26DC00294BD0 /* Debug */ = {
			isa = XCBuildConfiguration;
			buildSettings = {
				ALWAYS_EMBED_SWIFT_STANDARD_LIBRARIES = YES;
				BUNDLE_LOADER = "$(TEST_HOST)";
				CODE_SIGN_STYLE = Automatic;
				DEVELOPMENT_TEAM = 3R62Y6D2FA;
				INFOPLIST_FILE = "Controlling the KeyboardTests/Info.plist";
				LD_RUNPATH_SEARCH_PATHS = "$(inherited) @executable_path/Frameworks @loader_path/Frameworks";
				PRODUCT_BUNDLE_IDENTIFIER = "com.sirfame.Controlling-the-KeyboardTests";
				PRODUCT_NAME = "$(TARGET_NAME)";
				SWIFT_VERSION = 4.0;
				TARGETED_DEVICE_FAMILY = "1,2";
				TEST_HOST = "$(BUILT_PRODUCTS_DIR)/Controlling the Keyboard.app/Controlling the Keyboard";
			};
			name = Debug;
		};
		CC0B0AE4206F26DC00294BD0 /* Release */ = {
			isa = XCBuildConfiguration;
			buildSettings = {
				ALWAYS_EMBED_SWIFT_STANDARD_LIBRARIES = YES;
				BUNDLE_LOADER = "$(TEST_HOST)";
				CODE_SIGN_STYLE = Automatic;
				DEVELOPMENT_TEAM = 3R62Y6D2FA;
				INFOPLIST_FILE = "Controlling the KeyboardTests/Info.plist";
				LD_RUNPATH_SEARCH_PATHS = "$(inherited) @executable_path/Frameworks @loader_path/Frameworks";
				PRODUCT_BUNDLE_IDENTIFIER = "com.sirfame.Controlling-the-KeyboardTests";
				PRODUCT_NAME = "$(TARGET_NAME)";
				SWIFT_VERSION = 4.0;
				TARGETED_DEVICE_FAMILY = "1,2";
				TEST_HOST = "$(BUILT_PRODUCTS_DIR)/Controlling the Keyboard.app/Controlling the Keyboard";
			};
			name = Release;
		};
		CC0B0AE6206F26DC00294BD0 /* Debug */ = {
			isa = XCBuildConfiguration;
			buildSettings = {
				ALWAYS_EMBED_SWIFT_STANDARD_LIBRARIES = YES;
				CODE_SIGN_STYLE = Automatic;
				DEVELOPMENT_TEAM = 3R62Y6D2FA;
				INFOPLIST_FILE = "Controlling the KeyboardUITests/Info.plist";
				LD_RUNPATH_SEARCH_PATHS = "$(inherited) @executable_path/Frameworks @loader_path/Frameworks";
				PRODUCT_BUNDLE_IDENTIFIER = "com.sirfame.Controlling-the-KeyboardUITests";
				PRODUCT_NAME = "$(TARGET_NAME)";
				SWIFT_VERSION = 4.0;
				TARGETED_DEVICE_FAMILY = "1,2";
				TEST_TARGET_NAME = "Controlling the Keyboard";
			};
			name = Debug;
		};
		CC0B0AE7206F26DC00294BD0 /* Release */ = {
			isa = XCBuildConfiguration;
			buildSettings = {
				ALWAYS_EMBED_SWIFT_STANDARD_LIBRARIES = YES;
				CODE_SIGN_STYLE = Automatic;
				DEVELOPMENT_TEAM = 3R62Y6D2FA;
				INFOPLIST_FILE = "Controlling the KeyboardUITests/Info.plist";
				LD_RUNPATH_SEARCH_PATHS = "$(inherited) @executable_path/Frameworks @loader_path/Frameworks";
				PRODUCT_BUNDLE_IDENTIFIER = "com.sirfame.Controlling-the-KeyboardUITests";
				PRODUCT_NAME = "$(TARGET_NAME)";
				SWIFT_VERSION = 4.0;
				TARGETED_DEVICE_FAMILY = "1,2";
				TEST_TARGET_NAME = "Controlling the Keyboard";
			};
			name = Release;
		};
/* End XCBuildConfiguration section */

/* Begin XCConfigurationList section */
		CC0B0AB2206F26DC00294BD0 /* Build configuration list for PBXProject "Controlling the Keyboard" */ = {
			isa = XCConfigurationList;
			buildConfigurations = (
				CC0B0ADD206F26DC00294BD0 /* Debug */,
				CC0B0ADE206F26DC00294BD0 /* Release */,
			);
			defaultConfigurationIsVisible = 0;
			defaultConfigurationName = Release;
		};
		CC0B0ADF206F26DC00294BD0 /* Build configuration list for PBXNativeTarget "Controlling the Keyboard" */ = {
			isa = XCConfigurationList;
			buildConfigurations = (
				CC0B0AE0206F26DC00294BD0 /* Debug */,
				CC0B0AE1206F26DC00294BD0 /* Release */,
			);
			defaultConfigurationIsVisible = 0;
			defaultConfigurationName = Release;
		};
		CC0B0AE2206F26DC00294BD0 /* Build configuration list for PBXNativeTarget "Controlling the KeyboardTests" */ = {
			isa = XCConfigurationList;
			buildConfigurations = (
				CC0B0AE3206F26DC00294BD0 /* Debug */,
				CC0B0AE4206F26DC00294BD0 /* Release */,
			);
			defaultConfigurationIsVisible = 0;
			defaultConfigurationName = Release;
		};
		CC0B0AE5206F26DC00294BD0 /* Build configuration list for PBXNativeTarget "Controlling the KeyboardUITests" */ = {
			isa = XCConfigurationList;
			buildConfigurations = (
				CC0B0AE6206F26DC00294BD0 /* Debug */,
				CC0B0AE7206F26DC00294BD0 /* Release */,
			);
			defaultConfigurationIsVisible = 0;
			defaultConfigurationName = Release;
		};
/* End XCConfigurationList section */
	};
	rootObject = CC0B0AAF206F26DC00294BD0 /* Project object */;
}
